// !$*UTF8*$!
{
	archiveVersion = 1;
	classes = {
	};
	objectVersion = 46;
	objects = {

/* Begin PBXBuildFile section */
		00E356F31AD99517003FC87E /* SlotKing2Tests.m in Sources */ = {isa = PBXBuildFile; fileRef = 00E356F21AD99517003FC87E /* SlotKing2Tests.m */; };
		13B07FBC1A68108700A75B9A /* AppDelegate.m in Sources */ = {isa = PBXBuildFile; fileRef = 13B07FB01A68108700A75B9A /* AppDelegate.m */; };
		13B07FBD1A68108700A75B9A /* LaunchScreen.xib in Resources */ = {isa = PBXBuildFile; fileRef = 13B07FB11A68108700A75B9A /* LaunchScreen.xib */; };
		13B07FBF1A68108700A75B9A /* Images.xcassets in Resources */ = {isa = PBXBuildFile; fileRef = 13B07FB51A68108700A75B9A /* Images.xcassets */; };
		13B07FC11A68108700A75B9A /* main.m in Sources */ = {isa = PBXBuildFile; fileRef = 13B07FB71A68108700A75B9A /* main.m */; };
		2D02E4BC1E0B4A80006451C7 /* AppDelegate.m in Sources */ = {isa = PBXBuildFile; fileRef = 13B07FB01A68108700A75B9A /* AppDelegate.m */; };
		2D02E4BD1E0B4A84006451C7 /* Images.xcassets in Resources */ = {isa = PBXBuildFile; fileRef = 13B07FB51A68108700A75B9A /* Images.xcassets */; };
		2D02E4BF1E0B4AB3006451C7 /* main.m in Sources */ = {isa = PBXBuildFile; fileRef = 13B07FB71A68108700A75B9A /* main.m */; };
		2DCD954D1E0B4F2C00145EB5 /* SlotKing2Tests.m in Sources */ = {isa = PBXBuildFile; fileRef = 00E356F21AD99517003FC87E /* SlotKing2Tests.m */; };
		2F415244C18444ECBEC265B5 /* AntDesign.ttf in Resources */ = {isa = PBXBuildFile; fileRef = E67EEFDA413B4CB3AC4AC58A /* AntDesign.ttf */; };
		BAB79E91F29448AD8607F4E0 /* Entypo.ttf in Resources */ = {isa = PBXBuildFile; fileRef = 786F82AF47454C0A9B064411 /* Entypo.ttf */; };
		78AE8C7F720442BA90991CC6 /* EvilIcons.ttf in Resources */ = {isa = PBXBuildFile; fileRef = 06DE5871BA0A434A89F467DB /* EvilIcons.ttf */; };
		B17828DBF62A4280A1B15527 /* Feather.ttf in Resources */ = {isa = PBXBuildFile; fileRef = E64C64C90CAE4F9594293FD9 /* Feather.ttf */; };
		691F6AB93FD4437AA13F8AF5 /* FontAwesome.ttf in Resources */ = {isa = PBXBuildFile; fileRef = C9F01D1F485941E0A4D3D9B2 /* FontAwesome.ttf */; };
		7ECED65D521C4097AA139225 /* FontAwesome5_Brands.ttf in Resources */ = {isa = PBXBuildFile; fileRef = A65BA418A4DA4F89A0F6F1D5 /* FontAwesome5_Brands.ttf */; };
		CAF2AD795F004B7FA55BF249 /* FontAwesome5_Regular.ttf in Resources */ = {isa = PBXBuildFile; fileRef = 64DF70FB231B49DE849DD38E /* FontAwesome5_Regular.ttf */; };
		F62BBDDE8BC4464E835F8A99 /* FontAwesome5_Solid.ttf in Resources */ = {isa = PBXBuildFile; fileRef = B1F27954AA5646208A95F6B0 /* FontAwesome5_Solid.ttf */; };
		2945B4498E4346BD97D8D2C6 /* Fontisto.ttf in Resources */ = {isa = PBXBuildFile; fileRef = F6BB626A512E4405AAA2312B /* Fontisto.ttf */; };
		CCEC983B41684A04B6EE26B5 /* Foundation.ttf in Resources */ = {isa = PBXBuildFile; fileRef = 62860BF66EAD42AD83E8E28E /* Foundation.ttf */; };
		D50BAA3D4365426EA805DEDC /* Ionicons.ttf in Resources */ = {isa = PBXBuildFile; fileRef = 7FBFCC9FB6FB49F59EEA8BA8 /* Ionicons.ttf */; };
		EBDE1A3BFB6941FAA4381D82 /* MaterialCommunityIcons.ttf in Resources */ = {isa = PBXBuildFile; fileRef = 6031491BF9B34363BB58EA76 /* MaterialCommunityIcons.ttf */; };
		6276856295914B7FAC2E5B69 /* MaterialIcons.ttf in Resources */ = {isa = PBXBuildFile; fileRef = F752778BA2B14D36815CC1D0 /* MaterialIcons.ttf */; };
		E34B5D41CF8645F1AAF1047D /* Octicons.ttf in Resources */ = {isa = PBXBuildFile; fileRef = 1BD5CD9A22BA4FFAAA1FF962 /* Octicons.ttf */; };
		D426251CFC0A44C08861057B /* SimpleLineIcons.ttf in Resources */ = {isa = PBXBuildFile; fileRef = 0D9E38CB135C40B4BB29422B /* SimpleLineIcons.ttf */; };
		202F2D606D4043DE86BF588A /* Zocial.ttf in Resources */ = {isa = PBXBuildFile; fileRef = 32B3A8AC99FC4255A6B54C84 /* Zocial.ttf */; };
		2405415E3A5B414E91DC67F8 /* PlayfairDisplay-Black.ttf in Resources */ = {isa = PBXBuildFile; fileRef = E8172605F25945A6A4B6FEB1 /* PlayfairDisplay-Black.ttf */; };
		5FB5742FB00C40F1809F4C43 /* PlayfairDisplay-BlackItalic.ttf in Resources */ = {isa = PBXBuildFile; fileRef = 3FF7F274F3F54D44B07F3305 /* PlayfairDisplay-BlackItalic.ttf */; };
		5E8D387648684971B96DD484 /* PlayfairDisplay-Bold.ttf in Resources */ = {isa = PBXBuildFile; fileRef = 3ABE03CADE454963B93904E0 /* PlayfairDisplay-Bold.ttf */; };
		56CFD1E2F9C3481A82DBDC95 /* PlayfairDisplay-BoldItalic.ttf in Resources */ = {isa = PBXBuildFile; fileRef = 0514968EC5DA4A11AF728B6F /* PlayfairDisplay-BoldItalic.ttf */; };
		91C12B4EA4764B4BBD869B54 /* PlayfairDisplay-Regular.ttf in Resources */ = {isa = PBXBuildFile; fileRef = 15B1BB3D7F2242CFB5965398 /* PlayfairDisplay-Regular.ttf */; };
		357B2785FDD74B3F8DAEF062 /* PlayfairDisplay-RegularItalic.ttf in Resources */ = {isa = PBXBuildFile; fileRef = 0621421477C841F791DF72A2 /* PlayfairDisplay-RegularItalic.ttf */; };
		69485F8DF20146DBA4DC966E /* Roboto-Black.ttf in Resources */ = {isa = PBXBuildFile; fileRef = 4BEF0374CD654E39AD5D506D /* Roboto-Black.ttf */; };
		A7803D9B7C104D09865023A3 /* Roboto-BlackItalic.ttf in Resources */ = {isa = PBXBuildFile; fileRef = DCA8D9BD36D34BF7BA9E0CDD /* Roboto-BlackItalic.ttf */; };
		713C89C8105946DA9559F5F7 /* Roboto-Bold.ttf in Resources */ = {isa = PBXBuildFile; fileRef = A39AA3F5A3E24538B38C3C33 /* Roboto-Bold.ttf */; };
		A9CBC75CEEE843248BB54A91 /* Roboto-BoldItalic.ttf in Resources */ = {isa = PBXBuildFile; fileRef = 53BAF018BB1A4AF483F83AFA /* Roboto-BoldItalic.ttf */; };
		4C9EC06628984482B1475A92 /* Roboto-Light.ttf in Resources */ = {isa = PBXBuildFile; fileRef = 9D0783BC4F5C434A8C0C8CF8 /* Roboto-Light.ttf */; };
		3D92E27EE5324D75ABD63669 /* Roboto-LightItalic.ttf in Resources */ = {isa = PBXBuildFile; fileRef = CC338057E5E34D5B82E3BC8B /* Roboto-LightItalic.ttf */; };
		D30E899DE69F46C9B3091279 /* Roboto-Medium.ttf in Resources */ = {isa = PBXBuildFile; fileRef = F59BD546E7394698862E6570 /* Roboto-Medium.ttf */; };
		67AC00F3B82A48819E912B8F /* Roboto-MediumItalic.ttf in Resources */ = {isa = PBXBuildFile; fileRef = EF1D81AE84A04D5790C263F8 /* Roboto-MediumItalic.ttf */; };
		C6300CB97306424BBC0F0E03 /* Roboto-Regular.ttf in Resources */ = {isa = PBXBuildFile; fileRef = 1A1BE3BF0AD448379DBCEDC2 /* Roboto-Regular.ttf */; };
		FA6000F8007C4A9989DBC9C0 /* Roboto-RegularItalic.ttf in Resources */ = {isa = PBXBuildFile; fileRef = 5125C77F8DD54E5D9F69C456 /* Roboto-RegularItalic.ttf */; };
		70B7CF8942DC4FB8964AF50A /* Roboto-Thin.ttf in Resources */ = {isa = PBXBuildFile; fileRef = 9140145B6EBF45CBA55C73C5 /* Roboto-Thin.ttf */; };
		D71703FC4E1A40C29EF2E835 /* Roboto-ThinItalic.ttf in Resources */ = {isa = PBXBuildFile; fileRef = BDFAD8D6CB004A85B08C0FF8 /* Roboto-ThinItalic.ttf */; };
		DEF914D91EDA4936BC097B94 /* PlayfairDisplay-Black.ttf in Resources */ = {isa = PBXBuildFile; fileRef = 6D518B66D4D44303B9731230 /* PlayfairDisplay-Black.ttf */; };
		3E85846D498F4ECE84C9D6EB /* PlayfairDisplay-BlackItalic.ttf in Resources */ = {isa = PBXBuildFile; fileRef = 63B1C99DBFC14A1EBDF5CB3F /* PlayfairDisplay-BlackItalic.ttf */; };
		D2475C5A518D49BB98BC712D /* PlayfairDisplay-Bold.ttf in Resources */ = {isa = PBXBuildFile; fileRef = 77B61DC218854F768A5EFF89 /* PlayfairDisplay-Bold.ttf */; };
		04DE9003F6494BEBA9D18AE0 /* PlayfairDisplay-BoldItalic.ttf in Resources */ = {isa = PBXBuildFile; fileRef = 00058CBA8D4748C0AB3E84AA /* PlayfairDisplay-BoldItalic.ttf */; };
		1E7815AE72074F379EA360D2 /* PlayfairDisplay-Regular.ttf in Resources */ = {isa = PBXBuildFile; fileRef = 7D4F351CBF844B8187170577 /* PlayfairDisplay-Regular.ttf */; };
		AED8E7C101E7404C8A97D034 /* PlayfairDisplay-RegularItalic.ttf in Resources */ = {isa = PBXBuildFile; fileRef = 4399C81FACB248BF9A8DC7E0 /* PlayfairDisplay-RegularItalic.ttf */; };
		C2259E83F30B40269C85F134 /* Roboto-Black.ttf in Resources */ = {isa = PBXBuildFile; fileRef = 1AF5A764BB5E429EABDE7639 /* Roboto-Black.ttf */; };
		284F9789151B4A7AA2B33A0F /* Roboto-BlackItalic.ttf in Resources */ = {isa = PBXBuildFile; fileRef = 643E434B48764F3AB2BBD038 /* Roboto-BlackItalic.ttf */; };
		AB67CD6B455A4C2CBE39EB54 /* Roboto-Bold.ttf in Resources */ = {isa = PBXBuildFile; fileRef = AF72F31A92CA49A084D7BF5E /* Roboto-Bold.ttf */; };
		9BE742D750F0436397750736 /* Roboto-BoldItalic.ttf in Resources */ = {isa = PBXBuildFile; fileRef = 9D319DDF09F747C2BFA725AD /* Roboto-BoldItalic.ttf */; };
		2E16001467B14EB3BA7EB2F6 /* Roboto-Light.ttf in Resources */ = {isa = PBXBuildFile; fileRef = D3E6FDF73B174C80A635555B /* Roboto-Light.ttf */; };
		81431131CDDF4E92BAF313CA /* Roboto-LightItalic.ttf in Resources */ = {isa = PBXBuildFile; fileRef = 0A1CAACB516F447FBC163A8A /* Roboto-LightItalic.ttf */; };
		C00B2B0C776C4131A5A787B6 /* Roboto-Medium.ttf in Resources */ = {isa = PBXBuildFile; fileRef = 482017962913477487CE66F5 /* Roboto-Medium.ttf */; };
		10F4131E7B0D48D3B8132243 /* Roboto-MediumItalic.ttf in Resources */ = {isa = PBXBuildFile; fileRef = BCB9B459E7DA4107837F6FAE /* Roboto-MediumItalic.ttf */; };
		B98D3C1A79844D96B33F8B77 /* Roboto-Regular.ttf in Resources */ = {isa = PBXBuildFile; fileRef = E9F25BF869A24698B5D7FF5B /* Roboto-Regular.ttf */; };
		B91786FB23764E7E9C59A079 /* Roboto-RegularItalic.ttf in Resources */ = {isa = PBXBuildFile; fileRef = EF35F0D6A5064A6FBDAD9C1A /* Roboto-RegularItalic.ttf */; };
		D69AADE1D7A745069C82700A /* Roboto-Thin.ttf in Resources */ = {isa = PBXBuildFile; fileRef = 9D7558362AA9464F905B7E9E /* Roboto-Thin.ttf */; };
		3F562FE28D3348B1AD7211D5 /* Roboto-ThinItalic.ttf in Resources */ = {isa = PBXBuildFile; fileRef = 383F44B3267E40578BF93C61 /* Roboto-ThinItalic.ttf */; };
/* End PBXBuildFile section */

/* Begin PBXContainerItemProxy section */
		00E356F41AD99517003FC87E /* PBXContainerItemProxy */ = {
			isa = PBXContainerItemProxy;
			containerPortal = 83CBB9F71A601CBA00E9B192 /* Project object */;
			proxyType = 1;
			remoteGlobalIDString = 13B07F861A680F5B00A75B9A;
			remoteInfo = SlotKing2;
		};
		2D02E4911E0B4A5D006451C7 /* PBXContainerItemProxy */ = {
			isa = PBXContainerItemProxy;
			containerPortal = 83CBB9F71A601CBA00E9B192 /* Project object */;
			proxyType = 1;
			remoteGlobalIDString = 2D02E47A1E0B4A5D006451C7;
			remoteInfo = "SlotKing2-tvOS";
		};
/* End PBXContainerItemProxy section */

/* Begin PBXFileReference section */
		008F07F21AC5B25A0029DE68 /* main.jsbundle */ = {isa = PBXFileReference; fileEncoding = 4; lastKnownFileType = text; path = main.jsbundle; sourceTree = "<group>"; };
		00E356EE1AD99517003FC87E /* SlotKing2Tests.xctest */ = {isa = PBXFileReference; explicitFileType = wrapper.cfbundle; includeInIndex = 0; path = SlotKing2Tests.xctest; sourceTree = BUILT_PRODUCTS_DIR; };
		00E356F11AD99517003FC87E /* Info.plist */ = {isa = PBXFileReference; lastKnownFileType = text.plist.xml; path = Info.plist; sourceTree = "<group>"; };
		00E356F21AD99517003FC87E /* SlotKing2Tests.m */ = {isa = PBXFileReference; lastKnownFileType = sourcecode.c.objc; path = SlotKing2Tests.m; sourceTree = "<group>"; };
		13B07F961A680F5B00A75B9A /* SlotKing2.app */ = {isa = PBXFileReference; explicitFileType = wrapper.application; includeInIndex = 0; path = SlotKing2.app; sourceTree = BUILT_PRODUCTS_DIR; };
		13B07FAF1A68108700A75B9A /* AppDelegate.h */ = {isa = PBXFileReference; fileEncoding = 4; lastKnownFileType = sourcecode.c.h; name = AppDelegate.h; path = SlotKing2/AppDelegate.h; sourceTree = "<group>"; };
		13B07FB01A68108700A75B9A /* AppDelegate.m */ = {isa = PBXFileReference; fileEncoding = 4; lastKnownFileType = sourcecode.c.objc; name = AppDelegate.m; path = SlotKing2/AppDelegate.m; sourceTree = "<group>"; };
		13B07FB21A68108700A75B9A /* Base */ = {isa = PBXFileReference; lastKnownFileType = file.xib; name = Base; path = Base.lproj/LaunchScreen.xib; sourceTree = "<group>"; };
		13B07FB51A68108700A75B9A /* Images.xcassets */ = {isa = PBXFileReference; lastKnownFileType = folder.assetcatalog; name = Images.xcassets; path = SlotKing2/Images.xcassets; sourceTree = "<group>"; };
		13B07FB61A68108700A75B9A /* Info.plist */ = {isa = PBXFileReference; fileEncoding = 4; lastKnownFileType = text.plist.xml; name = Info.plist; path = SlotKing2/Info.plist; sourceTree = "<group>"; };
		13B07FB71A68108700A75B9A /* main.m */ = {isa = PBXFileReference; fileEncoding = 4; lastKnownFileType = sourcecode.c.objc; name = main.m; path = SlotKing2/main.m; sourceTree = "<group>"; };
		2D02E47B1E0B4A5D006451C7 /* SlotKing2-tvOS.app */ = {isa = PBXFileReference; explicitFileType = wrapper.application; includeInIndex = 0; path = "SlotKing2-tvOS.app"; sourceTree = BUILT_PRODUCTS_DIR; };
		2D02E4901E0B4A5D006451C7 /* SlotKing2-tvOSTests.xctest */ = {isa = PBXFileReference; explicitFileType = wrapper.cfbundle; includeInIndex = 0; path = "SlotKing2-tvOSTests.xctest"; sourceTree = BUILT_PRODUCTS_DIR; };
		ED297162215061F000B7C4FE /* JavaScriptCore.framework */ = {isa = PBXFileReference; lastKnownFileType = wrapper.framework; name = JavaScriptCore.framework; path = System/Library/Frameworks/JavaScriptCore.framework; sourceTree = SDKROOT; };
		ED2971642150620600B7C4FE /* JavaScriptCore.framework */ = {isa = PBXFileReference; lastKnownFileType = wrapper.framework; name = JavaScriptCore.framework; path = Platforms/AppleTVOS.platform/Developer/SDKs/AppleTVOS12.0.sdk/System/Library/Frameworks/JavaScriptCore.framework; sourceTree = DEVELOPER_DIR; };
		E67EEFDA413B4CB3AC4AC58A /* AntDesign.ttf */ = {isa = PBXFileReference; name = "AntDesign.ttf"; path = "../node_modules/react-native-vector-icons/Fonts/AntDesign.ttf"; sourceTree = "<group>"; fileEncoding = undefined; lastKnownFileType = unknown; explicitFileType = undefined; includeInIndex = 0; };
		786F82AF47454C0A9B064411 /* Entypo.ttf */ = {isa = PBXFileReference; name = "Entypo.ttf"; path = "../node_modules/react-native-vector-icons/Fonts/Entypo.ttf"; sourceTree = "<group>"; fileEncoding = undefined; lastKnownFileType = unknown; explicitFileType = undefined; includeInIndex = 0; };
		06DE5871BA0A434A89F467DB /* EvilIcons.ttf */ = {isa = PBXFileReference; name = "EvilIcons.ttf"; path = "../node_modules/react-native-vector-icons/Fonts/EvilIcons.ttf"; sourceTree = "<group>"; fileEncoding = undefined; lastKnownFileType = unknown; explicitFileType = undefined; includeInIndex = 0; };
		E64C64C90CAE4F9594293FD9 /* Feather.ttf */ = {isa = PBXFileReference; name = "Feather.ttf"; path = "../node_modules/react-native-vector-icons/Fonts/Feather.ttf"; sourceTree = "<group>"; fileEncoding = undefined; lastKnownFileType = unknown; explicitFileType = undefined; includeInIndex = 0; };
		C9F01D1F485941E0A4D3D9B2 /* FontAwesome.ttf */ = {isa = PBXFileReference; name = "FontAwesome.ttf"; path = "../node_modules/react-native-vector-icons/Fonts/FontAwesome.ttf"; sourceTree = "<group>"; fileEncoding = undefined; lastKnownFileType = unknown; explicitFileType = undefined; includeInIndex = 0; };
		A65BA418A4DA4F89A0F6F1D5 /* FontAwesome5_Brands.ttf */ = {isa = PBXFileReference; name = "FontAwesome5_Brands.ttf"; path = "../node_modules/react-native-vector-icons/Fonts/FontAwesome5_Brands.ttf"; sourceTree = "<group>"; fileEncoding = undefined; lastKnownFileType = unknown; explicitFileType = undefined; includeInIndex = 0; };
		64DF70FB231B49DE849DD38E /* FontAwesome5_Regular.ttf */ = {isa = PBXFileReference; name = "FontAwesome5_Regular.ttf"; path = "../node_modules/react-native-vector-icons/Fonts/FontAwesome5_Regular.ttf"; sourceTree = "<group>"; fileEncoding = undefined; lastKnownFileType = unknown; explicitFileType = undefined; includeInIndex = 0; };
		B1F27954AA5646208A95F6B0 /* FontAwesome5_Solid.ttf */ = {isa = PBXFileReference; name = "FontAwesome5_Solid.ttf"; path = "../node_modules/react-native-vector-icons/Fonts/FontAwesome5_Solid.ttf"; sourceTree = "<group>"; fileEncoding = undefined; lastKnownFileType = unknown; explicitFileType = undefined; includeInIndex = 0; };
		F6BB626A512E4405AAA2312B /* Fontisto.ttf */ = {isa = PBXFileReference; name = "Fontisto.ttf"; path = "../node_modules/react-native-vector-icons/Fonts/Fontisto.ttf"; sourceTree = "<group>"; fileEncoding = undefined; lastKnownFileType = unknown; explicitFileType = undefined; includeInIndex = 0; };
		62860BF66EAD42AD83E8E28E /* Foundation.ttf */ = {isa = PBXFileReference; name = "Foundation.ttf"; path = "../node_modules/react-native-vector-icons/Fonts/Foundation.ttf"; sourceTree = "<group>"; fileEncoding = undefined; lastKnownFileType = unknown; explicitFileType = undefined; includeInIndex = 0; };
		7FBFCC9FB6FB49F59EEA8BA8 /* Ionicons.ttf */ = {isa = PBXFileReference; name = "Ionicons.ttf"; path = "../node_modules/react-native-vector-icons/Fonts/Ionicons.ttf"; sourceTree = "<group>"; fileEncoding = undefined; lastKnownFileType = unknown; explicitFileType = undefined; includeInIndex = 0; };
		6031491BF9B34363BB58EA76 /* MaterialCommunityIcons.ttf */ = {isa = PBXFileReference; name = "MaterialCommunityIcons.ttf"; path = "../node_modules/react-native-vector-icons/Fonts/MaterialCommunityIcons.ttf"; sourceTree = "<group>"; fileEncoding = undefined; lastKnownFileType = unknown; explicitFileType = undefined; includeInIndex = 0; };
		F752778BA2B14D36815CC1D0 /* MaterialIcons.ttf */ = {isa = PBXFileReference; name = "MaterialIcons.ttf"; path = "../node_modules/react-native-vector-icons/Fonts/MaterialIcons.ttf"; sourceTree = "<group>"; fileEncoding = undefined; lastKnownFileType = unknown; explicitFileType = undefined; includeInIndex = 0; };
		1BD5CD9A22BA4FFAAA1FF962 /* Octicons.ttf */ = {isa = PBXFileReference; name = "Octicons.ttf"; path = "../node_modules/react-native-vector-icons/Fonts/Octicons.ttf"; sourceTree = "<group>"; fileEncoding = undefined; lastKnownFileType = unknown; explicitFileType = undefined; includeInIndex = 0; };
		0D9E38CB135C40B4BB29422B /* SimpleLineIcons.ttf */ = {isa = PBXFileReference; name = "SimpleLineIcons.ttf"; path = "../node_modules/react-native-vector-icons/Fonts/SimpleLineIcons.ttf"; sourceTree = "<group>"; fileEncoding = undefined; lastKnownFileType = unknown; explicitFileType = undefined; includeInIndex = 0; };
		32B3A8AC99FC4255A6B54C84 /* Zocial.ttf */ = {isa = PBXFileReference; name = "Zocial.ttf"; path = "../node_modules/react-native-vector-icons/Fonts/Zocial.ttf"; sourceTree = "<group>"; fileEncoding = undefined; lastKnownFileType = unknown; explicitFileType = undefined; includeInIndex = 0; };
		E8172605F25945A6A4B6FEB1 /* PlayfairDisplay-Black.ttf */ = {isa = PBXFileReference; name = "PlayfairDisplay-Black.ttf"; path = "../assets/fonts/Playfair_Display/PlayfairDisplay-Black.ttf"; sourceTree = "<group>"; fileEncoding = undefined; lastKnownFileType = unknown; explicitFileType = undefined; includeInIndex = 0; };
		3FF7F274F3F54D44B07F3305 /* PlayfairDisplay-BlackItalic.ttf */ = {isa = PBXFileReference; name = "PlayfairDisplay-BlackItalic.ttf"; path = "../assets/fonts/Playfair_Display/PlayfairDisplay-BlackItalic.ttf"; sourceTree = "<group>"; fileEncoding = undefined; lastKnownFileType = unknown; explicitFileType = undefined; includeInIndex = 0; };
		3ABE03CADE454963B93904E0 /* PlayfairDisplay-Bold.ttf */ = {isa = PBXFileReference; name = "PlayfairDisplay-Bold.ttf"; path = "../assets/fonts/Playfair_Display/PlayfairDisplay-Bold.ttf"; sourceTree = "<group>"; fileEncoding = undefined; lastKnownFileType = unknown; explicitFileType = undefined; includeInIndex = 0; };
		0514968EC5DA4A11AF728B6F /* PlayfairDisplay-BoldItalic.ttf */ = {isa = PBXFileReference; name = "PlayfairDisplay-BoldItalic.ttf"; path = "../assets/fonts/Playfair_Display/PlayfairDisplay-BoldItalic.ttf"; sourceTree = "<group>"; fileEncoding = undefined; lastKnownFileType = unknown; explicitFileType = undefined; includeInIndex = 0; };
		15B1BB3D7F2242CFB5965398 /* PlayfairDisplay-Regular.ttf */ = {isa = PBXFileReference; name = "PlayfairDisplay-Regular.ttf"; path = "../assets/fonts/Playfair_Display/PlayfairDisplay-Regular.ttf"; sourceTree = "<group>"; fileEncoding = undefined; lastKnownFileType = unknown; explicitFileType = undefined; includeInIndex = 0; };
		0621421477C841F791DF72A2 /* PlayfairDisplay-RegularItalic.ttf */ = {isa = PBXFileReference; name = "PlayfairDisplay-RegularItalic.ttf"; path = "../assets/fonts/Playfair_Display/PlayfairDisplay-RegularItalic.ttf"; sourceTree = "<group>"; fileEncoding = undefined; lastKnownFileType = unknown; explicitFileType = undefined; includeInIndex = 0; };
		4BEF0374CD654E39AD5D506D /* Roboto-Black.ttf */ = {isa = PBXFileReference; name = "Roboto-Black.ttf"; path = "../assets/fonts/Roboto/Roboto-Black.ttf"; sourceTree = "<group>"; fileEncoding = undefined; lastKnownFileType = unknown; explicitFileType = undefined; includeInIndex = 0; };
		DCA8D9BD36D34BF7BA9E0CDD /* Roboto-BlackItalic.ttf */ = {isa = PBXFileReference; name = "Roboto-BlackItalic.ttf"; path = "../assets/fonts/Roboto/Roboto-BlackItalic.ttf"; sourceTree = "<group>"; fileEncoding = undefined; lastKnownFileType = unknown; explicitFileType = undefined; includeInIndex = 0; };
		A39AA3F5A3E24538B38C3C33 /* Roboto-Bold.ttf */ = {isa = PBXFileReference; name = "Roboto-Bold.ttf"; path = "../assets/fonts/Roboto/Roboto-Bold.ttf"; sourceTree = "<group>"; fileEncoding = undefined; lastKnownFileType = unknown; explicitFileType = undefined; includeInIndex = 0; };
		53BAF018BB1A4AF483F83AFA /* Roboto-BoldItalic.ttf */ = {isa = PBXFileReference; name = "Roboto-BoldItalic.ttf"; path = "../assets/fonts/Roboto/Roboto-BoldItalic.ttf"; sourceTree = "<group>"; fileEncoding = undefined; lastKnownFileType = unknown; explicitFileType = undefined; includeInIndex = 0; };
		9D0783BC4F5C434A8C0C8CF8 /* Roboto-Light.ttf */ = {isa = PBXFileReference; name = "Roboto-Light.ttf"; path = "../assets/fonts/Roboto/Roboto-Light.ttf"; sourceTree = "<group>"; fileEncoding = undefined; lastKnownFileType = unknown; explicitFileType = undefined; includeInIndex = 0; };
		CC338057E5E34D5B82E3BC8B /* Roboto-LightItalic.ttf */ = {isa = PBXFileReference; name = "Roboto-LightItalic.ttf"; path = "../assets/fonts/Roboto/Roboto-LightItalic.ttf"; sourceTree = "<group>"; fileEncoding = undefined; lastKnownFileType = unknown; explicitFileType = undefined; includeInIndex = 0; };
		F59BD546E7394698862E6570 /* Roboto-Medium.ttf */ = {isa = PBXFileReference; name = "Roboto-Medium.ttf"; path = "../assets/fonts/Roboto/Roboto-Medium.ttf"; sourceTree = "<group>"; fileEncoding = undefined; lastKnownFileType = unknown; explicitFileType = undefined; includeInIndex = 0; };
		EF1D81AE84A04D5790C263F8 /* Roboto-MediumItalic.ttf */ = {isa = PBXFileReference; name = "Roboto-MediumItalic.ttf"; path = "../assets/fonts/Roboto/Roboto-MediumItalic.ttf"; sourceTree = "<group>"; fileEncoding = undefined; lastKnownFileType = unknown; explicitFileType = undefined; includeInIndex = 0; };
		1A1BE3BF0AD448379DBCEDC2 /* Roboto-Regular.ttf */ = {isa = PBXFileReference; name = "Roboto-Regular.ttf"; path = "../assets/fonts/Roboto/Roboto-Regular.ttf"; sourceTree = "<group>"; fileEncoding = undefined; lastKnownFileType = unknown; explicitFileType = undefined; includeInIndex = 0; };
		5125C77F8DD54E5D9F69C456 /* Roboto-RegularItalic.ttf */ = {isa = PBXFileReference; name = "Roboto-RegularItalic.ttf"; path = "../assets/fonts/Roboto/Roboto-RegularItalic.ttf"; sourceTree = "<group>"; fileEncoding = undefined; lastKnownFileType = unknown; explicitFileType = undefined; includeInIndex = 0; };
		9140145B6EBF45CBA55C73C5 /* Roboto-Thin.ttf */ = {isa = PBXFileReference; name = "Roboto-Thin.ttf"; path = "../assets/fonts/Roboto/Roboto-Thin.ttf"; sourceTree = "<group>"; fileEncoding = undefined; lastKnownFileType = unknown; explicitFileType = undefined; includeInIndex = 0; };
		BDFAD8D6CB004A85B08C0FF8 /* Roboto-ThinItalic.ttf */ = {isa = PBXFileReference; name = "Roboto-ThinItalic.ttf"; path = "../assets/fonts/Roboto/Roboto-ThinItalic.ttf"; sourceTree = "<group>"; fileEncoding = undefined; lastKnownFileType = unknown; explicitFileType = undefined; includeInIndex = 0; };
		6D518B66D4D44303B9731230 /* PlayfairDisplay-Black.ttf */ = {isa = PBXFileReference; name = "PlayfairDisplay-Black.ttf"; path = "../src/assets/fonts/Playfair_Display/PlayfairDisplay-Black.ttf"; sourceTree = "<group>"; fileEncoding = undefined; lastKnownFileType = unknown; explicitFileType = undefined; includeInIndex = 0; };
		63B1C99DBFC14A1EBDF5CB3F /* PlayfairDisplay-BlackItalic.ttf */ = {isa = PBXFileReference; name = "PlayfairDisplay-BlackItalic.ttf"; path = "../src/assets/fonts/Playfair_Display/PlayfairDisplay-BlackItalic.ttf"; sourceTree = "<group>"; fileEncoding = undefined; lastKnownFileType = unknown; explicitFileType = undefined; includeInIndex = 0; };
		77B61DC218854F768A5EFF89 /* PlayfairDisplay-Bold.ttf */ = {isa = PBXFileReference; name = "PlayfairDisplay-Bold.ttf"; path = "../src/assets/fonts/Playfair_Display/PlayfairDisplay-Bold.ttf"; sourceTree = "<group>"; fileEncoding = undefined; lastKnownFileType = unknown; explicitFileType = undefined; includeInIndex = 0; };
		00058CBA8D4748C0AB3E84AA /* PlayfairDisplay-BoldItalic.ttf */ = {isa = PBXFileReference; name = "PlayfairDisplay-BoldItalic.ttf"; path = "../src/assets/fonts/Playfair_Display/PlayfairDisplay-BoldItalic.ttf"; sourceTree = "<group>"; fileEncoding = undefined; lastKnownFileType = unknown; explicitFileType = undefined; includeInIndex = 0; };
		7D4F351CBF844B8187170577 /* PlayfairDisplay-Regular.ttf */ = {isa = PBXFileReference; name = "PlayfairDisplay-Regular.ttf"; path = "../src/assets/fonts/Playfair_Display/PlayfairDisplay-Regular.ttf"; sourceTree = "<group>"; fileEncoding = undefined; lastKnownFileType = unknown; explicitFileType = undefined; includeInIndex = 0; };
		4399C81FACB248BF9A8DC7E0 /* PlayfairDisplay-RegularItalic.ttf */ = {isa = PBXFileReference; name = "PlayfairDisplay-RegularItalic.ttf"; path = "../src/assets/fonts/Playfair_Display/PlayfairDisplay-RegularItalic.ttf"; sourceTree = "<group>"; fileEncoding = undefined; lastKnownFileType = unknown; explicitFileType = undefined; includeInIndex = 0; };
		1AF5A764BB5E429EABDE7639 /* Roboto-Black.ttf */ = {isa = PBXFileReference; name = "Roboto-Black.ttf"; path = "../src/assets/fonts/Roboto/Roboto-Black.ttf"; sourceTree = "<group>"; fileEncoding = undefined; lastKnownFileType = unknown; explicitFileType = undefined; includeInIndex = 0; };
		643E434B48764F3AB2BBD038 /* Roboto-BlackItalic.ttf */ = {isa = PBXFileReference; name = "Roboto-BlackItalic.ttf"; path = "../src/assets/fonts/Roboto/Roboto-BlackItalic.ttf"; sourceTree = "<group>"; fileEncoding = undefined; lastKnownFileType = unknown; explicitFileType = undefined; includeInIndex = 0; };
		AF72F31A92CA49A084D7BF5E /* Roboto-Bold.ttf */ = {isa = PBXFileReference; name = "Roboto-Bold.ttf"; path = "../src/assets/fonts/Roboto/Roboto-Bold.ttf"; sourceTree = "<group>"; fileEncoding = undefined; lastKnownFileType = unknown; explicitFileType = undefined; includeInIndex = 0; };
		9D319DDF09F747C2BFA725AD /* Roboto-BoldItalic.ttf */ = {isa = PBXFileReference; name = "Roboto-BoldItalic.ttf"; path = "../src/assets/fonts/Roboto/Roboto-BoldItalic.ttf"; sourceTree = "<group>"; fileEncoding = undefined; lastKnownFileType = unknown; explicitFileType = undefined; includeInIndex = 0; };
		D3E6FDF73B174C80A635555B /* Roboto-Light.ttf */ = {isa = PBXFileReference; name = "Roboto-Light.ttf"; path = "../src/assets/fonts/Roboto/Roboto-Light.ttf"; sourceTree = "<group>"; fileEncoding = undefined; lastKnownFileType = unknown; explicitFileType = undefined; includeInIndex = 0; };
		0A1CAACB516F447FBC163A8A /* Roboto-LightItalic.ttf */ = {isa = PBXFileReference; name = "Roboto-LightItalic.ttf"; path = "../src/assets/fonts/Roboto/Roboto-LightItalic.ttf"; sourceTree = "<group>"; fileEncoding = undefined; lastKnownFileType = unknown; explicitFileType = undefined; includeInIndex = 0; };
		482017962913477487CE66F5 /* Roboto-Medium.ttf */ = {isa = PBXFileReference; name = "Roboto-Medium.ttf"; path = "../src/assets/fonts/Roboto/Roboto-Medium.ttf"; sourceTree = "<group>"; fileEncoding = undefined; lastKnownFileType = unknown; explicitFileType = undefined; includeInIndex = 0; };
		BCB9B459E7DA4107837F6FAE /* Roboto-MediumItalic.ttf */ = {isa = PBXFileReference; name = "Roboto-MediumItalic.ttf"; path = "../src/assets/fonts/Roboto/Roboto-MediumItalic.ttf"; sourceTree = "<group>"; fileEncoding = undefined; lastKnownFileType = unknown; explicitFileType = undefined; includeInIndex = 0; };
		E9F25BF869A24698B5D7FF5B /* Roboto-Regular.ttf */ = {isa = PBXFileReference; name = "Roboto-Regular.ttf"; path = "../src/assets/fonts/Roboto/Roboto-Regular.ttf"; sourceTree = "<group>"; fileEncoding = undefined; lastKnownFileType = unknown; explicitFileType = undefined; includeInIndex = 0; };
		EF35F0D6A5064A6FBDAD9C1A /* Roboto-RegularItalic.ttf */ = {isa = PBXFileReference; name = "Roboto-RegularItalic.ttf"; path = "../src/assets/fonts/Roboto/Roboto-RegularItalic.ttf"; sourceTree = "<group>"; fileEncoding = undefined; lastKnownFileType = unknown; explicitFileType = undefined; includeInIndex = 0; };
		9D7558362AA9464F905B7E9E /* Roboto-Thin.ttf */ = {isa = PBXFileReference; name = "Roboto-Thin.ttf"; path = "../src/assets/fonts/Roboto/Roboto-Thin.ttf"; sourceTree = "<group>"; fileEncoding = undefined; lastKnownFileType = unknown; explicitFileType = undefined; includeInIndex = 0; };
		383F44B3267E40578BF93C61 /* Roboto-ThinItalic.ttf */ = {isa = PBXFileReference; name = "Roboto-ThinItalic.ttf"; path = "../src/assets/fonts/Roboto/Roboto-ThinItalic.ttf"; sourceTree = "<group>"; fileEncoding = undefined; lastKnownFileType = unknown; explicitFileType = undefined; includeInIndex = 0; };
/* End PBXFileReference section */

/* Begin PBXFrameworksBuildPhase section */
		00E356EB1AD99517003FC87E /* Frameworks */ = {
			isa = PBXFrameworksBuildPhase;
			buildActionMask = 2147483647;
			files = (
			);
			runOnlyForDeploymentPostprocessing = 0;
		};
		13B07F8C1A680F5B00A75B9A /* Frameworks */ = {
			isa = PBXFrameworksBuildPhase;
			buildActionMask = 2147483647;
			files = (
			);
			runOnlyForDeploymentPostprocessing = 0;
		};
		2D02E4781E0B4A5D006451C7 /* Frameworks */ = {
			isa = PBXFrameworksBuildPhase;
			buildActionMask = 2147483647;
			files = (
			);
			runOnlyForDeploymentPostprocessing = 0;
		};
		2D02E48D1E0B4A5D006451C7 /* Frameworks */ = {
			isa = PBXFrameworksBuildPhase;
			buildActionMask = 2147483647;
			files = (
			);
			runOnlyForDeploymentPostprocessing = 0;
		};
/* End PBXFrameworksBuildPhase section */

/* Begin PBXGroup section */
		00E356EF1AD99517003FC87E /* SlotKing2Tests */ = {
			isa = PBXGroup;
			children = (
				00E356F21AD99517003FC87E /* SlotKing2Tests.m */,
				00E356F01AD99517003FC87E /* Supporting Files */,
			);
			path = SlotKing2Tests;
			sourceTree = "<group>";
		};
		00E356F01AD99517003FC87E /* Supporting Files */ = {
			isa = PBXGroup;
			children = (
				00E356F11AD99517003FC87E /* Info.plist */,
			);
			name = "Supporting Files";
			sourceTree = "<group>";
		};
		13B07FAE1A68108700A75B9A /* SlotKing2 */ = {
			isa = PBXGroup;
			children = (
				008F07F21AC5B25A0029DE68 /* main.jsbundle */,
				13B07FAF1A68108700A75B9A /* AppDelegate.h */,
				13B07FB01A68108700A75B9A /* AppDelegate.m */,
				13B07FB51A68108700A75B9A /* Images.xcassets */,
				13B07FB61A68108700A75B9A /* Info.plist */,
				13B07FB11A68108700A75B9A /* LaunchScreen.xib */,
				13B07FB71A68108700A75B9A /* main.m */,
			);
			name = SlotKing2;
			sourceTree = "<group>";
		};
		2D16E6871FA4F8E400B85C8A /* Frameworks */ = {
			isa = PBXGroup;
			children = (
				ED297162215061F000B7C4FE /* JavaScriptCore.framework */,
				ED2971642150620600B7C4FE /* JavaScriptCore.framework */,
			);
			name = Frameworks;
			sourceTree = "<group>";
		};
		832341AE1AAA6A7D00B99B32 /* Libraries */ = {
			isa = PBXGroup;
			children = (
			);
			name = Libraries;
			sourceTree = "<group>";
		};
		83CBB9F61A601CBA00E9B192 = {
			isa = PBXGroup;
			children = (
				13B07FAE1A68108700A75B9A /* SlotKing2 */,
				832341AE1AAA6A7D00B99B32 /* Libraries */,
				00E356EF1AD99517003FC87E /* SlotKing2Tests */,
				83CBBA001A601CBA00E9B192 /* Products */,
				2D16E6871FA4F8E400B85C8A /* Frameworks */,
				B61394B5E6EC4B67B2E09853 /* Resources */,
			);
			indentWidth = 2;
			sourceTree = "<group>";
			tabWidth = 2;
			usesTabs = 0;
		};
		83CBBA001A601CBA00E9B192 /* Products */ = {
			isa = PBXGroup;
			children = (
				13B07F961A680F5B00A75B9A /* SlotKing2.app */,
				00E356EE1AD99517003FC87E /* SlotKing2Tests.xctest */,
				2D02E47B1E0B4A5D006451C7 /* SlotKing2-tvOS.app */,
				2D02E4901E0B4A5D006451C7 /* SlotKing2-tvOSTests.xctest */,
			);
			name = Products;
			sourceTree = "<group>";
		};
		B61394B5E6EC4B67B2E09853 /* Resources */ = {
			isa = "PBXGroup";
			children = (
				E67EEFDA413B4CB3AC4AC58A /* AntDesign.ttf */,
				786F82AF47454C0A9B064411 /* Entypo.ttf */,
				06DE5871BA0A434A89F467DB /* EvilIcons.ttf */,
				E64C64C90CAE4F9594293FD9 /* Feather.ttf */,
				C9F01D1F485941E0A4D3D9B2 /* FontAwesome.ttf */,
				A65BA418A4DA4F89A0F6F1D5 /* FontAwesome5_Brands.ttf */,
				64DF70FB231B49DE849DD38E /* FontAwesome5_Regular.ttf */,
				B1F27954AA5646208A95F6B0 /* FontAwesome5_Solid.ttf */,
				F6BB626A512E4405AAA2312B /* Fontisto.ttf */,
				62860BF66EAD42AD83E8E28E /* Foundation.ttf */,
				7FBFCC9FB6FB49F59EEA8BA8 /* Ionicons.ttf */,
				6031491BF9B34363BB58EA76 /* MaterialCommunityIcons.ttf */,
				F752778BA2B14D36815CC1D0 /* MaterialIcons.ttf */,
				1BD5CD9A22BA4FFAAA1FF962 /* Octicons.ttf */,
				0D9E38CB135C40B4BB29422B /* SimpleLineIcons.ttf */,
				32B3A8AC99FC4255A6B54C84 /* Zocial.ttf */,
				E8172605F25945A6A4B6FEB1 /* PlayfairDisplay-Black.ttf */,
				3FF7F274F3F54D44B07F3305 /* PlayfairDisplay-BlackItalic.ttf */,
				3ABE03CADE454963B93904E0 /* PlayfairDisplay-Bold.ttf */,
				0514968EC5DA4A11AF728B6F /* PlayfairDisplay-BoldItalic.ttf */,
				15B1BB3D7F2242CFB5965398 /* PlayfairDisplay-Regular.ttf */,
				0621421477C841F791DF72A2 /* PlayfairDisplay-RegularItalic.ttf */,
				4BEF0374CD654E39AD5D506D /* Roboto-Black.ttf */,
				DCA8D9BD36D34BF7BA9E0CDD /* Roboto-BlackItalic.ttf */,
				A39AA3F5A3E24538B38C3C33 /* Roboto-Bold.ttf */,
				53BAF018BB1A4AF483F83AFA /* Roboto-BoldItalic.ttf */,
				9D0783BC4F5C434A8C0C8CF8 /* Roboto-Light.ttf */,
				CC338057E5E34D5B82E3BC8B /* Roboto-LightItalic.ttf */,
				F59BD546E7394698862E6570 /* Roboto-Medium.ttf */,
				EF1D81AE84A04D5790C263F8 /* Roboto-MediumItalic.ttf */,
				1A1BE3BF0AD448379DBCEDC2 /* Roboto-Regular.ttf */,
				5125C77F8DD54E5D9F69C456 /* Roboto-RegularItalic.ttf */,
				9140145B6EBF45CBA55C73C5 /* Roboto-Thin.ttf */,
				BDFAD8D6CB004A85B08C0FF8 /* Roboto-ThinItalic.ttf */,
				6D518B66D4D44303B9731230 /* PlayfairDisplay-Black.ttf */,
				63B1C99DBFC14A1EBDF5CB3F /* PlayfairDisplay-BlackItalic.ttf */,
				77B61DC218854F768A5EFF89 /* PlayfairDisplay-Bold.ttf */,
				00058CBA8D4748C0AB3E84AA /* PlayfairDisplay-BoldItalic.ttf */,
				7D4F351CBF844B8187170577 /* PlayfairDisplay-Regular.ttf */,
				4399C81FACB248BF9A8DC7E0 /* PlayfairDisplay-RegularItalic.ttf */,
				1AF5A764BB5E429EABDE7639 /* Roboto-Black.ttf */,
				643E434B48764F3AB2BBD038 /* Roboto-BlackItalic.ttf */,
				AF72F31A92CA49A084D7BF5E /* Roboto-Bold.ttf */,
				9D319DDF09F747C2BFA725AD /* Roboto-BoldItalic.ttf */,
				D3E6FDF73B174C80A635555B /* Roboto-Light.ttf */,
				0A1CAACB516F447FBC163A8A /* Roboto-LightItalic.ttf */,
				482017962913477487CE66F5 /* Roboto-Medium.ttf */,
				BCB9B459E7DA4107837F6FAE /* Roboto-MediumItalic.ttf */,
				E9F25BF869A24698B5D7FF5B /* Roboto-Regular.ttf */,
				EF35F0D6A5064A6FBDAD9C1A /* Roboto-RegularItalic.ttf */,
				9D7558362AA9464F905B7E9E /* Roboto-Thin.ttf */,
				383F44B3267E40578BF93C61 /* Roboto-ThinItalic.ttf */,
			);
			name = Resources;
			sourceTree = "<group>";
			path = "";
		};
/* End PBXGroup section */

/* Begin PBXNativeTarget section */
		00E356ED1AD99517003FC87E /* SlotKing2Tests */ = {
			isa = PBXNativeTarget;
			buildConfigurationList = 00E357021AD99517003FC87E /* Build configuration list for PBXNativeTarget "SlotKing2Tests" */;
			buildPhases = (
				00E356EA1AD99517003FC87E /* Sources */,
				00E356EB1AD99517003FC87E /* Frameworks */,
				00E356EC1AD99517003FC87E /* Resources */,
			);
			buildRules = (
			);
			dependencies = (
				00E356F51AD99517003FC87E /* PBXTargetDependency */,
			);
			name = SlotKing2Tests;
			productName = SlotKing2Tests;
			productReference = 00E356EE1AD99517003FC87E /* SlotKing2Tests.xctest */;
			productType = "com.apple.product-type.bundle.unit-test";
		};
		13B07F861A680F5B00A75B9A /* SlotKing2 */ = {
			isa = PBXNativeTarget;
			buildConfigurationList = 13B07F931A680F5B00A75B9A /* Build configuration list for PBXNativeTarget "SlotKing2" */;
			buildPhases = (
				FD10A7F022414F080027D42C /* Start Packager */,
				13B07F871A680F5B00A75B9A /* Sources */,
				13B07F8C1A680F5B00A75B9A /* Frameworks */,
				13B07F8E1A680F5B00A75B9A /* Resources */,
				00DD1BFF1BD5951E006B06BC /* Bundle React Native code and images */,
			);
			buildRules = (
			);
			dependencies = (
			);
			name = SlotKing2;
			productName = "SlotKing2";
			productReference = 13B07F961A680F5B00A75B9A /* SlotKing2.app */;
			productType = "com.apple.product-type.application";
		};
		2D02E47A1E0B4A5D006451C7 /* SlotKing2-tvOS */ = {
			isa = PBXNativeTarget;
			buildConfigurationList = 2D02E4BA1E0B4A5E006451C7 /* Build configuration list for PBXNativeTarget "SlotKing2-tvOS" */;
			buildPhases = (
				FD10A7F122414F3F0027D42C /* Start Packager */,
				2D02E4771E0B4A5D006451C7 /* Sources */,
				2D02E4781E0B4A5D006451C7 /* Frameworks */,
				2D02E4791E0B4A5D006451C7 /* Resources */,
				2D02E4CB1E0B4B27006451C7 /* Bundle React Native Code And Images */,
			);
			buildRules = (
			);
			dependencies = (
			);
			name = "SlotKing2-tvOS";
			productName = "SlotKing2-tvOS";
			productReference = 2D02E47B1E0B4A5D006451C7 /* SlotKing2-tvOS.app */;
			productType = "com.apple.product-type.application";
		};
		2D02E48F1E0B4A5D006451C7 /* SlotKing2-tvOSTests */ = {
			isa = PBXNativeTarget;
			buildConfigurationList = 2D02E4BB1E0B4A5E006451C7 /* Build configuration list for PBXNativeTarget "SlotKing2-tvOSTests" */;
			buildPhases = (
				2D02E48C1E0B4A5D006451C7 /* Sources */,
				2D02E48D1E0B4A5D006451C7 /* Frameworks */,
				2D02E48E1E0B4A5D006451C7 /* Resources */,
			);
			buildRules = (
			);
			dependencies = (
				2D02E4921E0B4A5D006451C7 /* PBXTargetDependency */,
			);
			name = "SlotKing2-tvOSTests";
			productName = "SlotKing2-tvOSTests";
			productReference = 2D02E4901E0B4A5D006451C7 /* SlotKing2-tvOSTests.xctest */;
			productType = "com.apple.product-type.bundle.unit-test";
		};
/* End PBXNativeTarget section */

/* Begin PBXProject section */
		83CBB9F71A601CBA00E9B192 /* Project object */ = {
			isa = PBXProject;
			attributes = {
				LastUpgradeCheck = 940;
				ORGANIZATIONNAME = Facebook;
				TargetAttributes = {
					00E356ED1AD99517003FC87E = {
						CreatedOnToolsVersion = 6.2;
						TestTargetID = 13B07F861A680F5B00A75B9A;
					};
					2D02E47A1E0B4A5D006451C7 = {
						CreatedOnToolsVersion = 8.2.1;
						ProvisioningStyle = Automatic;
					};
					2D02E48F1E0B4A5D006451C7 = {
						CreatedOnToolsVersion = 8.2.1;
						ProvisioningStyle = Automatic;
						TestTargetID = 2D02E47A1E0B4A5D006451C7;
					};
				};
			};
			buildConfigurationList = 83CBB9FA1A601CBA00E9B192 /* Build configuration list for PBXProject "SlotKing2" */;
			compatibilityVersion = "Xcode 3.2";
			developmentRegion = English;
			hasScannedForEncodings = 0;
			knownRegions = (
				en,
				Base,
			);
			mainGroup = 83CBB9F61A601CBA00E9B192;
			productRefGroup = 83CBBA001A601CBA00E9B192 /* Products */;
			projectDirPath = "";
			projectRoot = "";
			targets = (
				13B07F861A680F5B00A75B9A /* SlotKing2 */,
				00E356ED1AD99517003FC87E /* SlotKing2Tests */,
				2D02E47A1E0B4A5D006451C7 /* SlotKing2-tvOS */,
				2D02E48F1E0B4A5D006451C7 /* SlotKing2-tvOSTests */,
			);
		};
/* End PBXProject section */

/* Begin PBXResourcesBuildPhase section */
		00E356EC1AD99517003FC87E /* Resources */ = {
			isa = PBXResourcesBuildPhase;
			buildActionMask = 2147483647;
			files = (
			);
			runOnlyForDeploymentPostprocessing = 0;
		};
		13B07F8E1A680F5B00A75B9A /* Resources */ = {
			isa = PBXResourcesBuildPhase;
			buildActionMask = 2147483647;
			files = (
				13B07FBF1A68108700A75B9A /* Images.xcassets in Resources */,
				13B07FBD1A68108700A75B9A /* LaunchScreen.xib in Resources */,
				2F415244C18444ECBEC265B5 /* AntDesign.ttf in Resources */,
				BAB79E91F29448AD8607F4E0 /* Entypo.ttf in Resources */,
				78AE8C7F720442BA90991CC6 /* EvilIcons.ttf in Resources */,
				B17828DBF62A4280A1B15527 /* Feather.ttf in Resources */,
				691F6AB93FD4437AA13F8AF5 /* FontAwesome.ttf in Resources */,
				7ECED65D521C4097AA139225 /* FontAwesome5_Brands.ttf in Resources */,
				CAF2AD795F004B7FA55BF249 /* FontAwesome5_Regular.ttf in Resources */,
				F62BBDDE8BC4464E835F8A99 /* FontAwesome5_Solid.ttf in Resources */,
				2945B4498E4346BD97D8D2C6 /* Fontisto.ttf in Resources */,
				CCEC983B41684A04B6EE26B5 /* Foundation.ttf in Resources */,
				D50BAA3D4365426EA805DEDC /* Ionicons.ttf in Resources */,
				EBDE1A3BFB6941FAA4381D82 /* MaterialCommunityIcons.ttf in Resources */,
				6276856295914B7FAC2E5B69 /* MaterialIcons.ttf in Resources */,
				E34B5D41CF8645F1AAF1047D /* Octicons.ttf in Resources */,
				D426251CFC0A44C08861057B /* SimpleLineIcons.ttf in Resources */,
				202F2D606D4043DE86BF588A /* Zocial.ttf in Resources */,
				2405415E3A5B414E91DC67F8 /* PlayfairDisplay-Black.ttf in Resources */,
				5FB5742FB00C40F1809F4C43 /* PlayfairDisplay-BlackItalic.ttf in Resources */,
				5E8D387648684971B96DD484 /* PlayfairDisplay-Bold.ttf in Resources */,
				56CFD1E2F9C3481A82DBDC95 /* PlayfairDisplay-BoldItalic.ttf in Resources */,
				91C12B4EA4764B4BBD869B54 /* PlayfairDisplay-Regular.ttf in Resources */,
				357B2785FDD74B3F8DAEF062 /* PlayfairDisplay-RegularItalic.ttf in Resources */,
				69485F8DF20146DBA4DC966E /* Roboto-Black.ttf in Resources */,
				A7803D9B7C104D09865023A3 /* Roboto-BlackItalic.ttf in Resources */,
				713C89C8105946DA9559F5F7 /* Roboto-Bold.ttf in Resources */,
				A9CBC75CEEE843248BB54A91 /* Roboto-BoldItalic.ttf in Resources */,
				4C9EC06628984482B1475A92 /* Roboto-Light.ttf in Resources */,
				3D92E27EE5324D75ABD63669 /* Roboto-LightItalic.ttf in Resources */,
				D30E899DE69F46C9B3091279 /* Roboto-Medium.ttf in Resources */,
				67AC00F3B82A48819E912B8F /* Roboto-MediumItalic.ttf in Resources */,
				C6300CB97306424BBC0F0E03 /* Roboto-Regular.ttf in Resources */,
				FA6000F8007C4A9989DBC9C0 /* Roboto-RegularItalic.ttf in Resources */,
				70B7CF8942DC4FB8964AF50A /* Roboto-Thin.ttf in Resources */,
				D71703FC4E1A40C29EF2E835 /* Roboto-ThinItalic.ttf in Resources */,
				DEF914D91EDA4936BC097B94 /* PlayfairDisplay-Black.ttf in Resources */,
				3E85846D498F4ECE84C9D6EB /* PlayfairDisplay-BlackItalic.ttf in Resources */,
				D2475C5A518D49BB98BC712D /* PlayfairDisplay-Bold.ttf in Resources */,
				04DE9003F6494BEBA9D18AE0 /* PlayfairDisplay-BoldItalic.ttf in Resources */,
				1E7815AE72074F379EA360D2 /* PlayfairDisplay-Regular.ttf in Resources */,
				AED8E7C101E7404C8A97D034 /* PlayfairDisplay-RegularItalic.ttf in Resources */,
				C2259E83F30B40269C85F134 /* Roboto-Black.ttf in Resources */,
				284F9789151B4A7AA2B33A0F /* Roboto-BlackItalic.ttf in Resources */,
				AB67CD6B455A4C2CBE39EB54 /* Roboto-Bold.ttf in Resources */,
				9BE742D750F0436397750736 /* Roboto-BoldItalic.ttf in Resources */,
				2E16001467B14EB3BA7EB2F6 /* Roboto-Light.ttf in Resources */,
				81431131CDDF4E92BAF313CA /* Roboto-LightItalic.ttf in Resources */,
				C00B2B0C776C4131A5A787B6 /* Roboto-Medium.ttf in Resources */,
				10F4131E7B0D48D3B8132243 /* Roboto-MediumItalic.ttf in Resources */,
				B98D3C1A79844D96B33F8B77 /* Roboto-Regular.ttf in Resources */,
				B91786FB23764E7E9C59A079 /* Roboto-RegularItalic.ttf in Resources */,
				D69AADE1D7A745069C82700A /* Roboto-Thin.ttf in Resources */,
				3F562FE28D3348B1AD7211D5 /* Roboto-ThinItalic.ttf in Resources */,
			);
			runOnlyForDeploymentPostprocessing = 0;
		};
		2D02E4791E0B4A5D006451C7 /* Resources */ = {
			isa = PBXResourcesBuildPhase;
			buildActionMask = 2147483647;
			files = (
				2D02E4BD1E0B4A84006451C7 /* Images.xcassets in Resources */,
			);
			runOnlyForDeploymentPostprocessing = 0;
		};
		2D02E48E1E0B4A5D006451C7 /* Resources */ = {
			isa = PBXResourcesBuildPhase;
			buildActionMask = 2147483647;
			files = (
			);
			runOnlyForDeploymentPostprocessing = 0;
		};
/* End PBXResourcesBuildPhase section */

/* Begin PBXShellScriptBuildPhase section */
		00DD1BFF1BD5951E006B06BC /* Bundle React Native code and images */ = {
			isa = PBXShellScriptBuildPhase;
			buildActionMask = 2147483647;
			files = (
			);
			inputPaths = (
			);
			name = "Bundle React Native code and images";
			outputPaths = (
			);
			runOnlyForDeploymentPostprocessing = 0;
			shellPath = /bin/sh;
			shellScript = "export NODE_BINARY=node\n../node_modules/react-native/scripts/react-native-xcode.sh";
		};
		2D02E4CB1E0B4B27006451C7 /* Bundle React Native Code And Images */ = {
			isa = PBXShellScriptBuildPhase;
			buildActionMask = 2147483647;
			files = (
			);
			inputPaths = (
			);
			name = "Bundle React Native Code And Images";
			outputPaths = (
			);
			runOnlyForDeploymentPostprocessing = 0;
			shellPath = /bin/sh;
			shellScript = "export NODE_BINARY=node\n../node_modules/react-native/scripts/react-native-xcode.sh";
		};
		FD10A7F022414F080027D42C /* Start Packager */ = {
			isa = PBXShellScriptBuildPhase;
			buildActionMask = 2147483647;
			files = (
			);
			inputFileListPaths = (
			);
			inputPaths = (
			);
			name = "Start Packager";
			outputFileListPaths = (
			);
			outputPaths = (
			);
			runOnlyForDeploymentPostprocessing = 0;
			shellPath = /bin/sh;
			shellScript = "export RCT_METRO_PORT=\"${RCT_METRO_PORT:=8081}\"\necho \"export RCT_METRO_PORT=${RCT_METRO_PORT}\" > \"${SRCROOT}/../node_modules/react-native/scripts/.packager.env\"\nif [ -z \"${RCT_NO_LAUNCH_PACKAGER+xxx}\" ] ; then\n  if nc -w 5 -z localhost ${RCT_METRO_PORT} ; then\n    if ! curl -s \"http://localhost:${RCT_METRO_PORT}/status\" | grep -q \"packager-status:running\" ; then\n      echo \"Port ${RCT_METRO_PORT} already in use, packager is either not running or not running correctly\"\n      exit 2\n    fi\n  else\n    open \"$SRCROOT/../node_modules/react-native/scripts/launchPackager.command\" || echo \"Can't start packager automatically\"\n  fi\nfi\n";
			showEnvVarsInLog = 0;
		};
		FD10A7F122414F3F0027D42C /* Start Packager */ = {
			isa = PBXShellScriptBuildPhase;
			buildActionMask = 2147483647;
			files = (
			);
			inputFileListPaths = (
			);
			inputPaths = (
			);
			name = "Start Packager";
			outputFileListPaths = (
			);
			outputPaths = (
			);
			runOnlyForDeploymentPostprocessing = 0;
			shellPath = /bin/sh;
			shellScript = "export RCT_METRO_PORT=\"${RCT_METRO_PORT:=8081}\"\necho \"export RCT_METRO_PORT=${RCT_METRO_PORT}\" > \"${SRCROOT}/../node_modules/react-native/scripts/.packager.env\"\nif [ -z \"${RCT_NO_LAUNCH_PACKAGER+xxx}\" ] ; then\n  if nc -w 5 -z localhost ${RCT_METRO_PORT} ; then\n    if ! curl -s \"http://localhost:${RCT_METRO_PORT}/status\" | grep -q \"packager-status:running\" ; then\n      echo \"Port ${RCT_METRO_PORT} already in use, packager is either not running or not running correctly\"\n      exit 2\n    fi\n  else\n    open \"$SRCROOT/../node_modules/react-native/scripts/launchPackager.command\" || echo \"Can't start packager automatically\"\n  fi\nfi\n";
			showEnvVarsInLog = 0;
		};
/* End PBXShellScriptBuildPhase section */

/* Begin PBXSourcesBuildPhase section */
		00E356EA1AD99517003FC87E /* Sources */ = {
			isa = PBXSourcesBuildPhase;
			buildActionMask = 2147483647;
			files = (
				00E356F31AD99517003FC87E /* SlotKing2Tests.m in Sources */,
			);
			runOnlyForDeploymentPostprocessing = 0;
		};
		13B07F871A680F5B00A75B9A /* Sources */ = {
			isa = PBXSourcesBuildPhase;
			buildActionMask = 2147483647;
			files = (
				13B07FBC1A68108700A75B9A /* AppDelegate.m in Sources */,
				13B07FC11A68108700A75B9A /* main.m in Sources */,
			);
			runOnlyForDeploymentPostprocessing = 0;
		};
		2D02E4771E0B4A5D006451C7 /* Sources */ = {
			isa = PBXSourcesBuildPhase;
			buildActionMask = 2147483647;
			files = (
				2D02E4BF1E0B4AB3006451C7 /* main.m in Sources */,
				2D02E4BC1E0B4A80006451C7 /* AppDelegate.m in Sources */,
			);
			runOnlyForDeploymentPostprocessing = 0;
		};
		2D02E48C1E0B4A5D006451C7 /* Sources */ = {
			isa = PBXSourcesBuildPhase;
			buildActionMask = 2147483647;
			files = (
				2DCD954D1E0B4F2C00145EB5 /* SlotKing2Tests.m in Sources */,
			);
			runOnlyForDeploymentPostprocessing = 0;
		};
/* End PBXSourcesBuildPhase section */

/* Begin PBXTargetDependency section */
		00E356F51AD99517003FC87E /* PBXTargetDependency */ = {
			isa = PBXTargetDependency;
			target = 13B07F861A680F5B00A75B9A /* SlotKing2 */;
			targetProxy = 00E356F41AD99517003FC87E /* PBXContainerItemProxy */;
		};
		2D02E4921E0B4A5D006451C7 /* PBXTargetDependency */ = {
			isa = PBXTargetDependency;
			target = 2D02E47A1E0B4A5D006451C7 /* SlotKing2-tvOS */;
			targetProxy = 2D02E4911E0B4A5D006451C7 /* PBXContainerItemProxy */;
		};
/* End PBXTargetDependency section */

/* Begin PBXVariantGroup section */
		13B07FB11A68108700A75B9A /* LaunchScreen.xib */ = {
			isa = PBXVariantGroup;
			children = (
				13B07FB21A68108700A75B9A /* Base */,
			);
			name = LaunchScreen.xib;
			path = SlotKing2;
			sourceTree = "<group>";
		};
/* End PBXVariantGroup section */

/* Begin XCBuildConfiguration section */
		00E356F61AD99517003FC87E /* Debug */ = {
			isa = XCBuildConfiguration;
			buildSettings = {
				BUNDLE_LOADER = "$(TEST_HOST)";
				GCC_PREPROCESSOR_DEFINITIONS = (
					"DEBUG=1",
					"$(inherited)",
				);
				INFOPLIST_FILE = SlotKing2Tests/Info.plist;
				IPHONEOS_DEPLOYMENT_TARGET = 9.0;
				LD_RUNPATH_SEARCH_PATHS = "$(inherited) @executable_path/Frameworks @loader_path/Frameworks";
				OTHER_LDFLAGS = (
					"-ObjC",
					"-lc++",
					"$(inherited)",
				);
				PRODUCT_BUNDLE_IDENTIFIER = "org.reactjs.native.example.$(PRODUCT_NAME:rfc1034identifier)";
				PRODUCT_NAME = "$(TARGET_NAME)";
				TEST_HOST = "$(BUILT_PRODUCTS_DIR)/SlotKing2.app/SlotKing2";
			};
			name = Debug;
		};
		00E356F71AD99517003FC87E /* Release */ = {
			isa = XCBuildConfiguration;
			buildSettings = {
				BUNDLE_LOADER = "$(TEST_HOST)";
				COPY_PHASE_STRIP = NO;
				INFOPLIST_FILE = SlotKing2Tests/Info.plist;
				IPHONEOS_DEPLOYMENT_TARGET = 9.0;
				LD_RUNPATH_SEARCH_PATHS = "$(inherited) @executable_path/Frameworks @loader_path/Frameworks";
				OTHER_LDFLAGS = (
					"-ObjC",
					"-lc++",
					"$(inherited)",
				);
				PRODUCT_BUNDLE_IDENTIFIER = "org.reactjs.native.example.$(PRODUCT_NAME:rfc1034identifier)";
				PRODUCT_NAME = "$(TARGET_NAME)";
				TEST_HOST = "$(BUILT_PRODUCTS_DIR)/SlotKing2.app/SlotKing2";
			};
			name = Release;
		};
		13B07F941A680F5B00A75B9A /* Debug */ = {
			isa = XCBuildConfiguration;
			buildSettings = {
				ASSETCATALOG_COMPILER_APPICON_NAME = AppIcon;
				CURRENT_PROJECT_VERSION = 1;
				DEAD_CODE_STRIPPING = NO;
				INFOPLIST_FILE = SlotKing2/Info.plist;
				LD_RUNPATH_SEARCH_PATHS = "$(inherited) @executable_path/Frameworks";
				OTHER_LDFLAGS = (
					"$(inherited)",
					"-ObjC",
					"-lc++",
				);
				PRODUCT_BUNDLE_IDENTIFIER = "org.reactjs.native.example.$(PRODUCT_NAME:rfc1034identifier)";
				PRODUCT_NAME = SlotKing2;
				VERSIONING_SYSTEM = "apple-generic";
			};
			name = Debug;
		};
		13B07F951A680F5B00A75B9A /* Release */ = {
			isa = XCBuildConfiguration;
			buildSettings = {
				ASSETCATALOG_COMPILER_APPICON_NAME = AppIcon;
				CURRENT_PROJECT_VERSION = 1;
				INFOPLIST_FILE = SlotKing2/Info.plist;
				LD_RUNPATH_SEARCH_PATHS = "$(inherited) @executable_path/Frameworks";
				OTHER_LDFLAGS = (
					"$(inherited)",
					"-ObjC",
					"-lc++",
				);
				PRODUCT_BUNDLE_IDENTIFIER = "org.reactjs.native.example.$(PRODUCT_NAME:rfc1034identifier)";
				PRODUCT_NAME = SlotKing2;
				VERSIONING_SYSTEM = "apple-generic";
			};
			name = Release;
		};
		2D02E4971E0B4A5E006451C7 /* Debug */ = {
			isa = XCBuildConfiguration;
			buildSettings = {
				ASSETCATALOG_COMPILER_APPICON_NAME = "App Icon & Top Shelf Image";
				ASSETCATALOG_COMPILER_LAUNCHIMAGE_NAME = LaunchImage;
				CLANG_ANALYZER_NONNULL = YES;
				CLANG_WARN_DOCUMENTATION_COMMENTS = YES;
				CLANG_WARN_INFINITE_RECURSION = YES;
				CLANG_WARN_SUSPICIOUS_MOVE = YES;
				DEBUG_INFORMATION_FORMAT = dwarf;
				ENABLE_TESTABILITY = YES;
				GCC_NO_COMMON_BLOCKS = YES;
				INFOPLIST_FILE = "SlotKing2-tvOS/Info.plist";
				LD_RUNPATH_SEARCH_PATHS = "$(inherited) @executable_path/Frameworks";
				OTHER_LDFLAGS = (
					"$(inherited)",
					"-ObjC",
					"-lc++",
				);
				PRODUCT_BUNDLE_IDENTIFIER = "com.facebook.REACT.SlotKing2-tvOS";
				PRODUCT_NAME = "$(TARGET_NAME)";
				SDKROOT = appletvos;
				TARGETED_DEVICE_FAMILY = 3;
				TVOS_DEPLOYMENT_TARGET = 9.2;
			};
			name = Debug;
		};
		2D02E4981E0B4A5E006451C7 /* Release */ = {
			isa = XCBuildConfiguration;
			buildSettings = {
				ASSETCATALOG_COMPILER_APPICON_NAME = "App Icon & Top Shelf Image";
				ASSETCATALOG_COMPILER_LAUNCHIMAGE_NAME = LaunchImage;
				CLANG_ANALYZER_NONNULL = YES;
				CLANG_WARN_DOCUMENTATION_COMMENTS = YES;
				CLANG_WARN_INFINITE_RECURSION = YES;
				CLANG_WARN_SUSPICIOUS_MOVE = YES;
				COPY_PHASE_STRIP = NO;
				DEBUG_INFORMATION_FORMAT = "dwarf-with-dsym";
				GCC_NO_COMMON_BLOCKS = YES;
				INFOPLIST_FILE = "SlotKing2-tvOS/Info.plist";
				LD_RUNPATH_SEARCH_PATHS = "$(inherited) @executable_path/Frameworks";
				OTHER_LDFLAGS = (
					"$(inherited)",
					"-ObjC",
					"-lc++",
				);
				PRODUCT_BUNDLE_IDENTIFIER = "com.facebook.REACT.SlotKing2-tvOS";
				PRODUCT_NAME = "$(TARGET_NAME)";
				SDKROOT = appletvos;
				TARGETED_DEVICE_FAMILY = 3;
				TVOS_DEPLOYMENT_TARGET = 9.2;
			};
			name = Release;
		};
		2D02E4991E0B4A5E006451C7 /* Debug */ = {
			isa = XCBuildConfiguration;
			buildSettings = {
				BUNDLE_LOADER = "$(TEST_HOST)";
				CLANG_ANALYZER_NONNULL = YES;
				CLANG_WARN_DOCUMENTATION_COMMENTS = YES;
				CLANG_WARN_INFINITE_RECURSION = YES;
				CLANG_WARN_SUSPICIOUS_MOVE = YES;
				DEBUG_INFORMATION_FORMAT = dwarf;
				ENABLE_TESTABILITY = YES;
				GCC_NO_COMMON_BLOCKS = YES;
				INFOPLIST_FILE = "SlotKing2-tvOSTests/Info.plist";
				LD_RUNPATH_SEARCH_PATHS = "$(inherited) @executable_path/Frameworks @loader_path/Frameworks";
				OTHER_LDFLAGS = (
					"$(inherited)",
					"-ObjC",
					"-lc++",
				);
				PRODUCT_BUNDLE_IDENTIFIER = "com.facebook.REACT.SlotKing2-tvOSTests";
				PRODUCT_NAME = "$(TARGET_NAME)";
				SDKROOT = appletvos;
				TEST_HOST = "$(BUILT_PRODUCTS_DIR)/SlotKing2-tvOS.app/SlotKing2-tvOS";
				TVOS_DEPLOYMENT_TARGET = 10.1;
			};
			name = Debug;
		};
		2D02E49A1E0B4A5E006451C7 /* Release */ = {
			isa = XCBuildConfiguration;
			buildSettings = {
				BUNDLE_LOADER = "$(TEST_HOST)";
				CLANG_ANALYZER_NONNULL = YES;
				CLANG_WARN_DOCUMENTATION_COMMENTS = YES;
				CLANG_WARN_INFINITE_RECURSION = YES;
				CLANG_WARN_SUSPICIOUS_MOVE = YES;
				COPY_PHASE_STRIP = NO;
				DEBUG_INFORMATION_FORMAT = "dwarf-with-dsym";
				GCC_NO_COMMON_BLOCKS = YES;
				INFOPLIST_FILE = "SlotKing2-tvOSTests/Info.plist";
				LD_RUNPATH_SEARCH_PATHS = "$(inherited) @executable_path/Frameworks @loader_path/Frameworks";
				OTHER_LDFLAGS = (
					"$(inherited)",
					"-ObjC",
					"-lc++",
				);
				PRODUCT_BUNDLE_IDENTIFIER = "com.facebook.REACT.SlotKing2-tvOSTests";
				PRODUCT_NAME = "$(TARGET_NAME)";
				SDKROOT = appletvos;
				TEST_HOST = "$(BUILT_PRODUCTS_DIR)/SlotKing2-tvOS.app/SlotKing2-tvOS";
				TVOS_DEPLOYMENT_TARGET = 10.1;
			};
			name = Release;
		};
		83CBBA201A601CBA00E9B192 /* Debug */ = {
			isa = XCBuildConfiguration;
			buildSettings = {
				ALWAYS_SEARCH_USER_PATHS = NO;
				CLANG_CXX_LANGUAGE_STANDARD = "gnu++0x";
				CLANG_CXX_LIBRARY = "libc++";
				CLANG_ENABLE_MODULES = YES;
				CLANG_ENABLE_OBJC_ARC = YES;
				CLANG_WARN_BLOCK_CAPTURE_AUTORELEASING = YES;
				CLANG_WARN_BOOL_CONVERSION = YES;
				CLANG_WARN_COMMA = YES;
				CLANG_WARN_CONSTANT_CONVERSION = YES;
				CLANG_WARN_DEPRECATED_OBJC_IMPLEMENTATIONS = YES;
				CLANG_WARN_DIRECT_OBJC_ISA_USAGE = YES_ERROR;
				CLANG_WARN_EMPTY_BODY = YES;
				CLANG_WARN_ENUM_CONVERSION = YES;
				CLANG_WARN_INFINITE_RECURSION = YES;
				CLANG_WARN_INT_CONVERSION = YES;
				CLANG_WARN_NON_LITERAL_NULL_CONVERSION = YES;
				CLANG_WARN_OBJC_IMPLICIT_RETAIN_SELF = YES;
				CLANG_WARN_OBJC_LITERAL_CONVERSION = YES;
				CLANG_WARN_OBJC_ROOT_CLASS = YES_ERROR;
				CLANG_WARN_RANGE_LOOP_ANALYSIS = YES;
				CLANG_WARN_STRICT_PROTOTYPES = YES;
				CLANG_WARN_SUSPICIOUS_MOVE = YES;
				CLANG_WARN_UNREACHABLE_CODE = YES;
				CLANG_WARN__DUPLICATE_METHOD_MATCH = YES;
				"CODE_SIGN_IDENTITY[sdk=iphoneos*]" = "iPhone Developer";
				COPY_PHASE_STRIP = NO;
				ENABLE_STRICT_OBJC_MSGSEND = YES;
				ENABLE_TESTABILITY = YES;
				GCC_C_LANGUAGE_STANDARD = gnu99;
				GCC_DYNAMIC_NO_PIC = NO;
				GCC_NO_COMMON_BLOCKS = YES;
				GCC_OPTIMIZATION_LEVEL = 0;
				GCC_PREPROCESSOR_DEFINITIONS = (
					"DEBUG=1",
					"$(inherited)",
				);
				GCC_SYMBOLS_PRIVATE_EXTERN = NO;
				GCC_WARN_64_TO_32_BIT_CONVERSION = YES;
				GCC_WARN_ABOUT_RETURN_TYPE = YES_ERROR;
				GCC_WARN_UNDECLARED_SELECTOR = YES;
				GCC_WARN_UNINITIALIZED_AUTOS = YES_AGGRESSIVE;
				GCC_WARN_UNUSED_FUNCTION = YES;
				GCC_WARN_UNUSED_VARIABLE = YES;
				IPHONEOS_DEPLOYMENT_TARGET = 9.0;
				MTL_ENABLE_DEBUG_INFO = YES;
				ONLY_ACTIVE_ARCH = YES;
				SDKROOT = iphoneos;
			};
			name = Debug;
		};
		83CBBA211A601CBA00E9B192 /* Release */ = {
			isa = XCBuildConfiguration;
			buildSettings = {
				ALWAYS_SEARCH_USER_PATHS = NO;
				CLANG_CXX_LANGUAGE_STANDARD = "gnu++0x";
				CLANG_CXX_LIBRARY = "libc++";
				CLANG_ENABLE_MODULES = YES;
				CLANG_ENABLE_OBJC_ARC = YES;
				CLANG_WARN_BLOCK_CAPTURE_AUTORELEASING = YES;
				CLANG_WARN_BOOL_CONVERSION = YES;
				CLANG_WARN_COMMA = YES;
				CLANG_WARN_CONSTANT_CONVERSION = YES;
				CLANG_WARN_DEPRECATED_OBJC_IMPLEMENTATIONS = YES;
				CLANG_WARN_DIRECT_OBJC_ISA_USAGE = YES_ERROR;
				CLANG_WARN_EMPTY_BODY = YES;
				CLANG_WARN_ENUM_CONVERSION = YES;
				CLANG_WARN_INFINITE_RECURSION = YES;
				CLANG_WARN_INT_CONVERSION = YES;
				CLANG_WARN_NON_LITERAL_NULL_CONVERSION = YES;
				CLANG_WARN_OBJC_IMPLICIT_RETAIN_SELF = YES;
				CLANG_WARN_OBJC_LITERAL_CONVERSION = YES;
				CLANG_WARN_OBJC_ROOT_CLASS = YES_ERROR;
				CLANG_WARN_RANGE_LOOP_ANALYSIS = YES;
				CLANG_WARN_STRICT_PROTOTYPES = YES;
				CLANG_WARN_SUSPICIOUS_MOVE = YES;
				CLANG_WARN_UNREACHABLE_CODE = YES;
				CLANG_WARN__DUPLICATE_METHOD_MATCH = YES;
				"CODE_SIGN_IDENTITY[sdk=iphoneos*]" = "iPhone Developer";
				COPY_PHASE_STRIP = YES;
				ENABLE_NS_ASSERTIONS = NO;
				ENABLE_STRICT_OBJC_MSGSEND = YES;
				GCC_C_LANGUAGE_STANDARD = gnu99;
				GCC_NO_COMMON_BLOCKS = YES;
				GCC_WARN_64_TO_32_BIT_CONVERSION = YES;
				GCC_WARN_ABOUT_RETURN_TYPE = YES_ERROR;
				GCC_WARN_UNDECLARED_SELECTOR = YES;
				GCC_WARN_UNINITIALIZED_AUTOS = YES_AGGRESSIVE;
				GCC_WARN_UNUSED_FUNCTION = YES;
				GCC_WARN_UNUSED_VARIABLE = YES;
				IPHONEOS_DEPLOYMENT_TARGET = 9.0;
				MTL_ENABLE_DEBUG_INFO = NO;
				SDKROOT = iphoneos;
				VALIDATE_PRODUCT = YES;
			};
			name = Release;
		};
/* End XCBuildConfiguration section */

/* Begin XCConfigurationList section */
		00E357021AD99517003FC87E /* Build configuration list for PBXNativeTarget "SlotKing2Tests" */ = {
			isa = XCConfigurationList;
			buildConfigurations = (
				00E356F61AD99517003FC87E /* Debug */,
				00E356F71AD99517003FC87E /* Release */,
			);
			defaultConfigurationIsVisible = 0;
			defaultConfigurationName = Release;
		};
		13B07F931A680F5B00A75B9A /* Build configuration list for PBXNativeTarget "SlotKing2" */ = {
			isa = XCConfigurationList;
			buildConfigurations = (
				13B07F941A680F5B00A75B9A /* Debug */,
				13B07F951A680F5B00A75B9A /* Release */,
			);
			defaultConfigurationIsVisible = 0;
			defaultConfigurationName = Release;
		};
		2D02E4BA1E0B4A5E006451C7 /* Build configuration list for PBXNativeTarget "SlotKing2-tvOS" */ = {
			isa = XCConfigurationList;
			buildConfigurations = (
				2D02E4971E0B4A5E006451C7 /* Debug */,
				2D02E4981E0B4A5E006451C7 /* Release */,
			);
			defaultConfigurationIsVisible = 0;
			defaultConfigurationName = Release;
		};
		2D02E4BB1E0B4A5E006451C7 /* Build configuration list for PBXNativeTarget "SlotKing2-tvOSTests" */ = {
			isa = XCConfigurationList;
			buildConfigurations = (
				2D02E4991E0B4A5E006451C7 /* Debug */,
				2D02E49A1E0B4A5E006451C7 /* Release */,
			);
			defaultConfigurationIsVisible = 0;
			defaultConfigurationName = Release;
		};
		83CBB9FA1A601CBA00E9B192 /* Build configuration list for PBXProject "SlotKing2" */ = {
			isa = XCConfigurationList;
			buildConfigurations = (
				83CBBA201A601CBA00E9B192 /* Debug */,
				83CBBA211A601CBA00E9B192 /* Release */,
			);
			defaultConfigurationIsVisible = 0;
			defaultConfigurationName = Release;
		};
/* End XCConfigurationList section */
	};
	rootObject = 83CBB9F71A601CBA00E9B192 /* Project object */;
}
