// !$*UTF8*$!
{
	archiveVersion = 1;
	classes = {
	};
	objectVersion = 46;
	objects = {

/* Begin PBXBuildFile section */
		141BA815256ADBE6003E7C6C /* PlayfairDisplay-Bold.ttf in Resources */ = {isa = PBXBuildFile; fileRef = 141BA80E256ADBE6003E7C6C /* PlayfairDisplay-Bold.ttf */; };
		141BA816256ADBE6003E7C6C /* PlayfairDisplay-BoldItalic.ttf in Resources */ = {isa = PBXBuildFile; fileRef = 141BA80F256ADBE6003E7C6C /* PlayfairDisplay-BoldItalic.ttf */; };
		141BA817256ADBE6003E7C6C /* PlayfairDisplay-RegularItalic.ttf in Resources */ = {isa = PBXBuildFile; fileRef = 141BA810256ADBE6003E7C6C /* PlayfairDisplay-RegularItalic.ttf */; };
		141BA818256ADBE6003E7C6C /* PlayfairDisplay-Regular.ttf in Resources */ = {isa = PBXBuildFile; fileRef = 141BA811256ADBE6003E7C6C /* PlayfairDisplay-Regular.ttf */; };
		141BA819256ADBE6003E7C6C /* OFL.txt in Resources */ = {isa = PBXBuildFile; fileRef = 141BA812256ADBE6003E7C6C /* OFL.txt */; };
		141BA81A256ADBE6003E7C6C /* PlayfairDisplay-Black.ttf in Resources */ = {isa = PBXBuildFile; fileRef = 141BA813256ADBE6003E7C6C /* PlayfairDisplay-Black.ttf */; };
		141BA81B256ADBE6003E7C6C /* PlayfairDisplay-BlackItalic.ttf in Resources */ = {isa = PBXBuildFile; fileRef = 141BA814256ADBE6003E7C6C /* PlayfairDisplay-BlackItalic.ttf */; };
		141BA82C256ADC2E003E7C6C /* Roboto-Medium.ttf in Resources */ = {isa = PBXBuildFile; fileRef = 141BA81F256ADC2E003E7C6C /* Roboto-Medium.ttf */; };
		141BA82D256ADC2E003E7C6C /* Roboto-Light.ttf in Resources */ = {isa = PBXBuildFile; fileRef = 141BA820256ADC2E003E7C6C /* Roboto-Light.ttf */; };
		141BA82E256ADC2E003E7C6C /* Roboto-Regular.ttf in Resources */ = {isa = PBXBuildFile; fileRef = 141BA821256ADC2E003E7C6C /* Roboto-Regular.ttf */; };
		141BA82F256ADC2E003E7C6C /* Roboto-MediumItalic.ttf in Resources */ = {isa = PBXBuildFile; fileRef = 141BA822256ADC2E003E7C6C /* Roboto-MediumItalic.ttf */; };
		141BA830256ADC2E003E7C6C /* Roboto-ThinItalic.ttf in Resources */ = {isa = PBXBuildFile; fileRef = 141BA823256ADC2E003E7C6C /* Roboto-ThinItalic.ttf */; };
		141BA831256ADC2E003E7C6C /* Roboto-BoldItalic.ttf in Resources */ = {isa = PBXBuildFile; fileRef = 141BA824256ADC2E003E7C6C /* Roboto-BoldItalic.ttf */; };
		141BA832256ADC2E003E7C6C /* Roboto-LightItalic.ttf in Resources */ = {isa = PBXBuildFile; fileRef = 141BA825256ADC2E003E7C6C /* Roboto-LightItalic.ttf */; };
		141BA833256ADC2E003E7C6C /* LICENSE.txt in Resources */ = {isa = PBXBuildFile; fileRef = 141BA826256ADC2E003E7C6C /* LICENSE.txt */; };
		141BA834256ADC2E003E7C6C /* Roboto-BlackItalic.ttf in Resources */ = {isa = PBXBuildFile; fileRef = 141BA827256ADC2E003E7C6C /* Roboto-BlackItalic.ttf */; };
		141BA835256ADC2E003E7C6C /* Roboto-Bold.ttf in Resources */ = {isa = PBXBuildFile; fileRef = 141BA828256ADC2E003E7C6C /* Roboto-Bold.ttf */; };
		141BA836256ADC2E003E7C6C /* Roboto-Thin.ttf in Resources */ = {isa = PBXBuildFile; fileRef = 141BA829256ADC2E003E7C6C /* Roboto-Thin.ttf */; };
		141BA837256ADC2E003E7C6C /* Roboto-Black.ttf in Resources */ = {isa = PBXBuildFile; fileRef = 141BA82A256ADC2E003E7C6C /* Roboto-Black.ttf */; };
		141BA838256ADC2E003E7C6C /* Roboto-RegularItalic.ttf in Resources */ = {isa = PBXBuildFile; fileRef = 141BA82B256ADC2E003E7C6C /* Roboto-RegularItalic.ttf */; };
		1423A357256AD54D00A38D47 /* main.m in Sources */ = {isa = PBXBuildFile; fileRef = 1423A351256AD54D00A38D47 /* main.m */; };
		1423A358256AD54D00A38D47 /* Images.xcassets in Resources */ = {isa = PBXBuildFile; fileRef = 1423A352256AD54D00A38D47 /* Images.xcassets */; };
		1423A359256AD54D00A38D47 /* AppDelegate.m in Sources */ = {isa = PBXBuildFile; fileRef = 1423A353256AD54D00A38D47 /* AppDelegate.m */; };
		1423A364256AD59700A38D47 /* Dummy.swift in Sources */ = {isa = PBXBuildFile; fileRef = 1423A363256AD59700A38D47 /* Dummy.swift */; };
		148B490E259AB2CC00F2D184 /* low_credit.mp3 in Resources */ = {isa = PBXBuildFile; fileRef = 148B4905259AB2CC00F2D184 /* low_credit.mp3 */; };
		148B490F259AB2CC00F2D184 /* mouse_click.mp3 in Resources */ = {isa = PBXBuildFile; fileRef = 148B4906259AB2CC00F2D184 /* mouse_click.mp3 */; };
		148B4910259AB2CC00F2D184 /* pen_on.mp3 in Resources */ = {isa = PBXBuildFile; fileRef = 148B4907259AB2CC00F2D184 /* pen_on.mp3 */; };
		148B4911259AB2CC00F2D184 /* button_click.mp3 in Resources */ = {isa = PBXBuildFile; fileRef = 148B4908259AB2CC00F2D184 /* button_click.mp3 */; };
		148B4912259AB2CC00F2D184 /* pen_off.mp3 in Resources */ = {isa = PBXBuildFile; fileRef = 148B4909259AB2CC00F2D184 /* pen_off.mp3 */; };
		148B4913259AB2CC00F2D184 /* coins_thud.mp3 in Resources */ = {isa = PBXBuildFile; fileRef = 148B490A259AB2CC00F2D184 /* coins_thud.mp3 */; };
		148B4914259AB2CC00F2D184 /* card_deal.mp3 in Resources */ = {isa = PBXBuildFile; fileRef = 148B490B259AB2CC00F2D184 /* card_deal.mp3 */; };
		148B4915259AB2CC00F2D184 /* coin_set.mp3 in Resources */ = {isa = PBXBuildFile; fileRef = 148B490C259AB2CC00F2D184 /* coin_set.mp3 */; };
		148B4916259AB2CC00F2D184 /* coins_thud2.mp3 in Resources */ = {isa = PBXBuildFile; fileRef = 148B490D259AB2CC00F2D184 /* coins_thud2.mp3 */; };
		148B4919259AB41A00F2D184 /* GoogleService-Info.plist in Resources */ = {isa = PBXBuildFile; fileRef = 148B4918259AB41A00F2D184 /* GoogleService-Info.plist */; };
		DD4394AE6F6517DF82221B54 /* libPods-SlotKing.a in Frameworks */ = {isa = PBXBuildFile; fileRef = 37D76FFB8628C7229E92E393 /* libPods-SlotKing.a */; };
/* End PBXBuildFile section */

/* Begin PBXFileReference section */
		00058CBA8D4748C0AB3E84AA /* PlayfairDisplay-BoldItalic.ttf */ = {isa = PBXFileReference; explicitFileType = undefined; fileEncoding = 9; includeInIndex = 0; lastKnownFileType = unknown; name = "PlayfairDisplay-BoldItalic.ttf"; path = "../src/assets/fonts/Playfair_Display/PlayfairDisplay-BoldItalic.ttf"; sourceTree = "<group>"; };
		03C149203F9C3C5E137B1481 /* Pods-SlotKing.debug.xcconfig */ = {isa = PBXFileReference; includeInIndex = 1; lastKnownFileType = text.xcconfig; name = "Pods-SlotKing.debug.xcconfig"; path = "Target Support Files/Pods-SlotKing/Pods-SlotKing.debug.xcconfig"; sourceTree = "<group>"; };
		0514968EC5DA4A11AF728B6F /* PlayfairDisplay-BoldItalic.ttf */ = {isa = PBXFileReference; explicitFileType = undefined; fileEncoding = 9; includeInIndex = 0; lastKnownFileType = unknown; name = "PlayfairDisplay-BoldItalic.ttf"; path = "../assets/fonts/Playfair_Display/PlayfairDisplay-BoldItalic.ttf"; sourceTree = "<group>"; };
		0621421477C841F791DF72A2 /* PlayfairDisplay-RegularItalic.ttf */ = {isa = PBXFileReference; explicitFileType = undefined; fileEncoding = 9; includeInIndex = 0; lastKnownFileType = unknown; name = "PlayfairDisplay-RegularItalic.ttf"; path = "../assets/fonts/Playfair_Display/PlayfairDisplay-RegularItalic.ttf"; sourceTree = "<group>"; };
		06DE5871BA0A434A89F467DB /* EvilIcons.ttf */ = {isa = PBXFileReference; explicitFileType = undefined; fileEncoding = 9; includeInIndex = 0; lastKnownFileType = unknown; name = EvilIcons.ttf; path = "../node_modules/react-native-vector-icons/Fonts/EvilIcons.ttf"; sourceTree = "<group>"; };
		0A1CAACB516F447FBC163A8A /* Roboto-LightItalic.ttf */ = {isa = PBXFileReference; explicitFileType = undefined; fileEncoding = 9; includeInIndex = 0; lastKnownFileType = unknown; name = "Roboto-LightItalic.ttf"; path = "../src/assets/fonts/Roboto/Roboto-LightItalic.ttf"; sourceTree = "<group>"; };
		0D9E38CB135C40B4BB29422B /* SimpleLineIcons.ttf */ = {isa = PBXFileReference; explicitFileType = undefined; fileEncoding = 9; includeInIndex = 0; lastKnownFileType = unknown; name = SimpleLineIcons.ttf; path = "../node_modules/react-native-vector-icons/Fonts/SimpleLineIcons.ttf"; sourceTree = "<group>"; };
		13B07F961A680F5B00A75B9A /* SlotKing.app */ = {isa = PBXFileReference; explicitFileType = wrapper.application; includeInIndex = 0; path = SlotKing.app; sourceTree = BUILT_PRODUCTS_DIR; };
		141BA80E256ADBE6003E7C6C /* PlayfairDisplay-Bold.ttf */ = {isa = PBXFileReference; lastKnownFileType = file; path = "PlayfairDisplay-Bold.ttf"; sourceTree = "<group>"; };
		141BA80F256ADBE6003E7C6C /* PlayfairDisplay-BoldItalic.ttf */ = {isa = PBXFileReference; lastKnownFileType = file; path = "PlayfairDisplay-BoldItalic.ttf"; sourceTree = "<group>"; };
		141BA810256ADBE6003E7C6C /* PlayfairDisplay-RegularItalic.ttf */ = {isa = PBXFileReference; lastKnownFileType = file; path = "PlayfairDisplay-RegularItalic.ttf"; sourceTree = "<group>"; };
		141BA811256ADBE6003E7C6C /* PlayfairDisplay-Regular.ttf */ = {isa = PBXFileReference; lastKnownFileType = file; path = "PlayfairDisplay-Regular.ttf"; sourceTree = "<group>"; };
		141BA812256ADBE6003E7C6C /* OFL.txt */ = {isa = PBXFileReference; fileEncoding = 4; lastKnownFileType = text; path = OFL.txt; sourceTree = "<group>"; };
		141BA813256ADBE6003E7C6C /* PlayfairDisplay-Black.ttf */ = {isa = PBXFileReference; lastKnownFileType = file; path = "PlayfairDisplay-Black.ttf"; sourceTree = "<group>"; };
		141BA814256ADBE6003E7C6C /* PlayfairDisplay-BlackItalic.ttf */ = {isa = PBXFileReference; lastKnownFileType = file; path = "PlayfairDisplay-BlackItalic.ttf"; sourceTree = "<group>"; };
		141BA81F256ADC2E003E7C6C /* Roboto-Medium.ttf */ = {isa = PBXFileReference; lastKnownFileType = file; path = "Roboto-Medium.ttf"; sourceTree = "<group>"; };
		141BA820256ADC2E003E7C6C /* Roboto-Light.ttf */ = {isa = PBXFileReference; lastKnownFileType = file; path = "Roboto-Light.ttf"; sourceTree = "<group>"; };
		141BA821256ADC2E003E7C6C /* Roboto-Regular.ttf */ = {isa = PBXFileReference; lastKnownFileType = file; path = "Roboto-Regular.ttf"; sourceTree = "<group>"; };
		141BA822256ADC2E003E7C6C /* Roboto-MediumItalic.ttf */ = {isa = PBXFileReference; lastKnownFileType = file; path = "Roboto-MediumItalic.ttf"; sourceTree = "<group>"; };
		141BA823256ADC2E003E7C6C /* Roboto-ThinItalic.ttf */ = {isa = PBXFileReference; lastKnownFileType = file; path = "Roboto-ThinItalic.ttf"; sourceTree = "<group>"; };
		141BA824256ADC2E003E7C6C /* Roboto-BoldItalic.ttf */ = {isa = PBXFileReference; lastKnownFileType = file; path = "Roboto-BoldItalic.ttf"; sourceTree = "<group>"; };
		141BA825256ADC2E003E7C6C /* Roboto-LightItalic.ttf */ = {isa = PBXFileReference; lastKnownFileType = file; path = "Roboto-LightItalic.ttf"; sourceTree = "<group>"; };
		141BA826256ADC2E003E7C6C /* LICENSE.txt */ = {isa = PBXFileReference; fileEncoding = 4; lastKnownFileType = text; path = LICENSE.txt; sourceTree = "<group>"; };
		141BA827256ADC2E003E7C6C /* Roboto-BlackItalic.ttf */ = {isa = PBXFileReference; lastKnownFileType = file; path = "Roboto-BlackItalic.ttf"; sourceTree = "<group>"; };
		141BA828256ADC2E003E7C6C /* Roboto-Bold.ttf */ = {isa = PBXFileReference; lastKnownFileType = file; path = "Roboto-Bold.ttf"; sourceTree = "<group>"; };
		141BA829256ADC2E003E7C6C /* Roboto-Thin.ttf */ = {isa = PBXFileReference; lastKnownFileType = file; path = "Roboto-Thin.ttf"; sourceTree = "<group>"; };
		141BA82A256ADC2E003E7C6C /* Roboto-Black.ttf */ = {isa = PBXFileReference; lastKnownFileType = file; path = "Roboto-Black.ttf"; sourceTree = "<group>"; };
		141BA82B256ADC2E003E7C6C /* Roboto-RegularItalic.ttf */ = {isa = PBXFileReference; lastKnownFileType = file; path = "Roboto-RegularItalic.ttf"; sourceTree = "<group>"; };
		1423A34D256AD54D00A38D47 /* AppDelegate.h */ = {isa = PBXFileReference; fileEncoding = 4; lastKnownFileType = sourcecode.c.h; path = AppDelegate.h; sourceTree = "<group>"; };
		1423A351256AD54D00A38D47 /* main.m */ = {isa = PBXFileReference; fileEncoding = 4; lastKnownFileType = sourcecode.c.objc; path = main.m; sourceTree = "<group>"; };
		1423A352256AD54D00A38D47 /* Images.xcassets */ = {isa = PBXFileReference; lastKnownFileType = folder.assetcatalog; path = Images.xcassets; sourceTree = "<group>"; };
		1423A353256AD54D00A38D47 /* AppDelegate.m */ = {isa = PBXFileReference; fileEncoding = 4; lastKnownFileType = sourcecode.c.objc; path = AppDelegate.m; sourceTree = "<group>"; };
		1423A354256AD54D00A38D47 /* Info.plist */ = {isa = PBXFileReference; fileEncoding = 4; lastKnownFileType = text.plist.xml; path = Info.plist; sourceTree = "<group>"; };
		1423A362256AD59700A38D47 /* SlotKing-Bridging-Header.h */ = {isa = PBXFileReference; lastKnownFileType = sourcecode.c.h; path = "SlotKing-Bridging-Header.h"; sourceTree = "<group>"; };
		1423A363256AD59700A38D47 /* Dummy.swift */ = {isa = PBXFileReference; lastKnownFileType = sourcecode.swift; path = Dummy.swift; sourceTree = "<group>"; };
		148B4905259AB2CC00F2D184 /* low_credit.mp3 */ = {isa = PBXFileReference; lastKnownFileType = audio.mp3; path = low_credit.mp3; sourceTree = "<group>"; };
		148B4906259AB2CC00F2D184 /* mouse_click.mp3 */ = {isa = PBXFileReference; lastKnownFileType = audio.mp3; path = mouse_click.mp3; sourceTree = "<group>"; };
		148B4907259AB2CC00F2D184 /* pen_on.mp3 */ = {isa = PBXFileReference; lastKnownFileType = audio.mp3; path = pen_on.mp3; sourceTree = "<group>"; };
		148B4908259AB2CC00F2D184 /* button_click.mp3 */ = {isa = PBXFileReference; lastKnownFileType = audio.mp3; path = button_click.mp3; sourceTree = "<group>"; };
		148B4909259AB2CC00F2D184 /* pen_off.mp3 */ = {isa = PBXFileReference; lastKnownFileType = audio.mp3; path = pen_off.mp3; sourceTree = "<group>"; };
		148B490A259AB2CC00F2D184 /* coins_thud.mp3 */ = {isa = PBXFileReference; lastKnownFileType = audio.mp3; path = coins_thud.mp3; sourceTree = "<group>"; };
		148B490B259AB2CC00F2D184 /* card_deal.mp3 */ = {isa = PBXFileReference; lastKnownFileType = audio.mp3; path = card_deal.mp3; sourceTree = "<group>"; };
		148B490C259AB2CC00F2D184 /* coin_set.mp3 */ = {isa = PBXFileReference; lastKnownFileType = audio.mp3; path = coin_set.mp3; sourceTree = "<group>"; };
		148B490D259AB2CC00F2D184 /* coins_thud2.mp3 */ = {isa = PBXFileReference; lastKnownFileType = audio.mp3; path = coins_thud2.mp3; sourceTree = "<group>"; };
		148B4918259AB41A00F2D184 /* GoogleService-Info.plist */ = {isa = PBXFileReference; fileEncoding = 4; lastKnownFileType = text.plist.xml; name = "GoogleService-Info.plist"; path = "../../../../../Downloads/GoogleService-Info.plist"; sourceTree = "<group>"; };
		15B1BB3D7F2242CFB5965398 /* PlayfairDisplay-Regular.ttf */ = {isa = PBXFileReference; explicitFileType = undefined; fileEncoding = 9; includeInIndex = 0; lastKnownFileType = unknown; name = "PlayfairDisplay-Regular.ttf"; path = "../assets/fonts/Playfair_Display/PlayfairDisplay-Regular.ttf"; sourceTree = "<group>"; };
		1A1BE3BF0AD448379DBCEDC2 /* Roboto-Regular.ttf */ = {isa = PBXFileReference; explicitFileType = undefined; fileEncoding = 9; includeInIndex = 0; lastKnownFileType = unknown; name = "Roboto-Regular.ttf"; path = "../assets/fonts/Roboto/Roboto-Regular.ttf"; sourceTree = "<group>"; };
		1AF5A764BB5E429EABDE7639 /* Roboto-Black.ttf */ = {isa = PBXFileReference; explicitFileType = undefined; fileEncoding = 9; includeInIndex = 0; lastKnownFileType = unknown; name = "Roboto-Black.ttf"; path = "../src/assets/fonts/Roboto/Roboto-Black.ttf"; sourceTree = "<group>"; };
		1BD5CD9A22BA4FFAAA1FF962 /* Octicons.ttf */ = {isa = PBXFileReference; explicitFileType = undefined; fileEncoding = 9; includeInIndex = 0; lastKnownFileType = unknown; name = Octicons.ttf; path = "../node_modules/react-native-vector-icons/Fonts/Octicons.ttf"; sourceTree = "<group>"; };
		32B3A8AC99FC4255A6B54C84 /* Zocial.ttf */ = {isa = PBXFileReference; explicitFileType = undefined; fileEncoding = 9; includeInIndex = 0; lastKnownFileType = unknown; name = Zocial.ttf; path = "../node_modules/react-native-vector-icons/Fonts/Zocial.ttf"; sourceTree = "<group>"; };
		37D76FFB8628C7229E92E393 /* libPods-SlotKing.a */ = {isa = PBXFileReference; explicitFileType = archive.ar; includeInIndex = 0; path = "libPods-SlotKing.a"; sourceTree = BUILT_PRODUCTS_DIR; };
		383F44B3267E40578BF93C61 /* Roboto-ThinItalic.ttf */ = {isa = PBXFileReference; explicitFileType = undefined; fileEncoding = 9; includeInIndex = 0; lastKnownFileType = unknown; name = "Roboto-ThinItalic.ttf"; path = "../src/assets/fonts/Roboto/Roboto-ThinItalic.ttf"; sourceTree = "<group>"; };
		3ABE03CADE454963B93904E0 /* PlayfairDisplay-Bold.ttf */ = {isa = PBXFileReference; explicitFileType = undefined; fileEncoding = 9; includeInIndex = 0; lastKnownFileType = unknown; name = "PlayfairDisplay-Bold.ttf"; path = "../assets/fonts/Playfair_Display/PlayfairDisplay-Bold.ttf"; sourceTree = "<group>"; };
		3FF7F274F3F54D44B07F3305 /* PlayfairDisplay-BlackItalic.ttf */ = {isa = PBXFileReference; explicitFileType = undefined; fileEncoding = 9; includeInIndex = 0; lastKnownFileType = unknown; name = "PlayfairDisplay-BlackItalic.ttf"; path = "../assets/fonts/Playfair_Display/PlayfairDisplay-BlackItalic.ttf"; sourceTree = "<group>"; };
		4399C81FACB248BF9A8DC7E0 /* PlayfairDisplay-RegularItalic.ttf */ = {isa = PBXFileReference; explicitFileType = undefined; fileEncoding = 9; includeInIndex = 0; lastKnownFileType = unknown; name = "PlayfairDisplay-RegularItalic.ttf"; path = "../src/assets/fonts/Playfair_Display/PlayfairDisplay-RegularItalic.ttf"; sourceTree = "<group>"; };
		482017962913477487CE66F5 /* Roboto-Medium.ttf */ = {isa = PBXFileReference; explicitFileType = undefined; fileEncoding = 9; includeInIndex = 0; lastKnownFileType = unknown; name = "Roboto-Medium.ttf"; path = "../src/assets/fonts/Roboto/Roboto-Medium.ttf"; sourceTree = "<group>"; };
		4BAC3892B70E163BF21EE1BC /* Pods-SlotKing.release.xcconfig */ = {isa = PBXFileReference; includeInIndex = 1; lastKnownFileType = text.xcconfig; name = "Pods-SlotKing.release.xcconfig"; path = "Target Support Files/Pods-SlotKing/Pods-SlotKing.release.xcconfig"; sourceTree = "<group>"; };
		4BEF0374CD654E39AD5D506D /* Roboto-Black.ttf */ = {isa = PBXFileReference; explicitFileType = undefined; fileEncoding = 9; includeInIndex = 0; lastKnownFileType = unknown; name = "Roboto-Black.ttf"; path = "../assets/fonts/Roboto/Roboto-Black.ttf"; sourceTree = "<group>"; };
		5125C77F8DD54E5D9F69C456 /* Roboto-RegularItalic.ttf */ = {isa = PBXFileReference; explicitFileType = undefined; fileEncoding = 9; includeInIndex = 0; lastKnownFileType = unknown; name = "Roboto-RegularItalic.ttf"; path = "../assets/fonts/Roboto/Roboto-RegularItalic.ttf"; sourceTree = "<group>"; };
		53BAF018BB1A4AF483F83AFA /* Roboto-BoldItalic.ttf */ = {isa = PBXFileReference; explicitFileType = undefined; fileEncoding = 9; includeInIndex = 0; lastKnownFileType = unknown; name = "Roboto-BoldItalic.ttf"; path = "../assets/fonts/Roboto/Roboto-BoldItalic.ttf"; sourceTree = "<group>"; };
		6031491BF9B34363BB58EA76 /* MaterialCommunityIcons.ttf */ = {isa = PBXFileReference; explicitFileType = undefined; fileEncoding = 9; includeInIndex = 0; lastKnownFileType = unknown; name = MaterialCommunityIcons.ttf; path = "../node_modules/react-native-vector-icons/Fonts/MaterialCommunityIcons.ttf"; sourceTree = "<group>"; };
		62860BF66EAD42AD83E8E28E /* Foundation.ttf */ = {isa = PBXFileReference; explicitFileType = undefined; fileEncoding = 9; includeInIndex = 0; lastKnownFileType = unknown; name = Foundation.ttf; path = "../node_modules/react-native-vector-icons/Fonts/Foundation.ttf"; sourceTree = "<group>"; };
		63B1C99DBFC14A1EBDF5CB3F /* PlayfairDisplay-BlackItalic.ttf */ = {isa = PBXFileReference; explicitFileType = undefined; fileEncoding = 9; includeInIndex = 0; lastKnownFileType = unknown; name = "PlayfairDisplay-BlackItalic.ttf"; path = "../src/assets/fonts/Playfair_Display/PlayfairDisplay-BlackItalic.ttf"; sourceTree = "<group>"; };
		643E434B48764F3AB2BBD038 /* Roboto-BlackItalic.ttf */ = {isa = PBXFileReference; explicitFileType = undefined; fileEncoding = 9; includeInIndex = 0; lastKnownFileType = unknown; name = "Roboto-BlackItalic.ttf"; path = "../src/assets/fonts/Roboto/Roboto-BlackItalic.ttf"; sourceTree = "<group>"; };
		64DF70FB231B49DE849DD38E /* FontAwesome5_Regular.ttf */ = {isa = PBXFileReference; explicitFileType = undefined; fileEncoding = 9; includeInIndex = 0; lastKnownFileType = unknown; name = FontAwesome5_Regular.ttf; path = "../node_modules/react-native-vector-icons/Fonts/FontAwesome5_Regular.ttf"; sourceTree = "<group>"; };
		6D518B66D4D44303B9731230 /* PlayfairDisplay-Black.ttf */ = {isa = PBXFileReference; explicitFileType = undefined; fileEncoding = 9; includeInIndex = 0; lastKnownFileType = unknown; name = "PlayfairDisplay-Black.ttf"; path = "../src/assets/fonts/Playfair_Display/PlayfairDisplay-Black.ttf"; sourceTree = "<group>"; };
		77B61DC218854F768A5EFF89 /* PlayfairDisplay-Bold.ttf */ = {isa = PBXFileReference; explicitFileType = undefined; fileEncoding = 9; includeInIndex = 0; lastKnownFileType = unknown; name = "PlayfairDisplay-Bold.ttf"; path = "../src/assets/fonts/Playfair_Display/PlayfairDisplay-Bold.ttf"; sourceTree = "<group>"; };
		786F82AF47454C0A9B064411 /* Entypo.ttf */ = {isa = PBXFileReference; explicitFileType = undefined; fileEncoding = 9; includeInIndex = 0; lastKnownFileType = unknown; name = Entypo.ttf; path = "../node_modules/react-native-vector-icons/Fonts/Entypo.ttf"; sourceTree = "<group>"; };
		7D4F351CBF844B8187170577 /* PlayfairDisplay-Regular.ttf */ = {isa = PBXFileReference; explicitFileType = undefined; fileEncoding = 9; includeInIndex = 0; lastKnownFileType = unknown; name = "PlayfairDisplay-Regular.ttf"; path = "../src/assets/fonts/Playfair_Display/PlayfairDisplay-Regular.ttf"; sourceTree = "<group>"; };
		7FBFCC9FB6FB49F59EEA8BA8 /* Ionicons.ttf */ = {isa = PBXFileReference; explicitFileType = undefined; fileEncoding = 9; includeInIndex = 0; lastKnownFileType = unknown; name = Ionicons.ttf; path = "../node_modules/react-native-vector-icons/Fonts/Ionicons.ttf"; sourceTree = "<group>"; };
		9140145B6EBF45CBA55C73C5 /* Roboto-Thin.ttf */ = {isa = PBXFileReference; explicitFileType = undefined; fileEncoding = 9; includeInIndex = 0; lastKnownFileType = unknown; name = "Roboto-Thin.ttf"; path = "../assets/fonts/Roboto/Roboto-Thin.ttf"; sourceTree = "<group>"; };
		9D0783BC4F5C434A8C0C8CF8 /* Roboto-Light.ttf */ = {isa = PBXFileReference; explicitFileType = undefined; fileEncoding = 9; includeInIndex = 0; lastKnownFileType = unknown; name = "Roboto-Light.ttf"; path = "../assets/fonts/Roboto/Roboto-Light.ttf"; sourceTree = "<group>"; };
		9D319DDF09F747C2BFA725AD /* Roboto-BoldItalic.ttf */ = {isa = PBXFileReference; explicitFileType = undefined; fileEncoding = 9; includeInIndex = 0; lastKnownFileType = unknown; name = "Roboto-BoldItalic.ttf"; path = "../src/assets/fonts/Roboto/Roboto-BoldItalic.ttf"; sourceTree = "<group>"; };
		9D7558362AA9464F905B7E9E /* Roboto-Thin.ttf */ = {isa = PBXFileReference; explicitFileType = undefined; fileEncoding = 9; includeInIndex = 0; lastKnownFileType = unknown; name = "Roboto-Thin.ttf"; path = "../src/assets/fonts/Roboto/Roboto-Thin.ttf"; sourceTree = "<group>"; };
		A39AA3F5A3E24538B38C3C33 /* Roboto-Bold.ttf */ = {isa = PBXFileReference; explicitFileType = undefined; fileEncoding = 9; includeInIndex = 0; lastKnownFileType = unknown; name = "Roboto-Bold.ttf"; path = "../assets/fonts/Roboto/Roboto-Bold.ttf"; sourceTree = "<group>"; };
		A65BA418A4DA4F89A0F6F1D5 /* FontAwesome5_Brands.ttf */ = {isa = PBXFileReference; explicitFileType = undefined; fileEncoding = 9; includeInIndex = 0; lastKnownFileType = unknown; name = FontAwesome5_Brands.ttf; path = "../node_modules/react-native-vector-icons/Fonts/FontAwesome5_Brands.ttf"; sourceTree = "<group>"; };
		AF72F31A92CA49A084D7BF5E /* Roboto-Bold.ttf */ = {isa = PBXFileReference; explicitFileType = undefined; fileEncoding = 9; includeInIndex = 0; lastKnownFileType = unknown; name = "Roboto-Bold.ttf"; path = "../src/assets/fonts/Roboto/Roboto-Bold.ttf"; sourceTree = "<group>"; };
		B1F27954AA5646208A95F6B0 /* FontAwesome5_Solid.ttf */ = {isa = PBXFileReference; explicitFileType = undefined; fileEncoding = 9; includeInIndex = 0; lastKnownFileType = unknown; name = FontAwesome5_Solid.ttf; path = "../node_modules/react-native-vector-icons/Fonts/FontAwesome5_Solid.ttf"; sourceTree = "<group>"; };
		BCB9B459E7DA4107837F6FAE /* Roboto-MediumItalic.ttf */ = {isa = PBXFileReference; explicitFileType = undefined; fileEncoding = 9; includeInIndex = 0; lastKnownFileType = unknown; name = "Roboto-MediumItalic.ttf"; path = "../src/assets/fonts/Roboto/Roboto-MediumItalic.ttf"; sourceTree = "<group>"; };
		BDFAD8D6CB004A85B08C0FF8 /* Roboto-ThinItalic.ttf */ = {isa = PBXFileReference; explicitFileType = undefined; fileEncoding = 9; includeInIndex = 0; lastKnownFileType = unknown; name = "Roboto-ThinItalic.ttf"; path = "../assets/fonts/Roboto/Roboto-ThinItalic.ttf"; sourceTree = "<group>"; };
		C9F01D1F485941E0A4D3D9B2 /* FontAwesome.ttf */ = {isa = PBXFileReference; explicitFileType = undefined; fileEncoding = 9; includeInIndex = 0; lastKnownFileType = unknown; name = FontAwesome.ttf; path = "../node_modules/react-native-vector-icons/Fonts/FontAwesome.ttf"; sourceTree = "<group>"; };
		CC338057E5E34D5B82E3BC8B /* Roboto-LightItalic.ttf */ = {isa = PBXFileReference; explicitFileType = undefined; fileEncoding = 9; includeInIndex = 0; lastKnownFileType = unknown; name = "Roboto-LightItalic.ttf"; path = "../assets/fonts/Roboto/Roboto-LightItalic.ttf"; sourceTree = "<group>"; };
		D3E6FDF73B174C80A635555B /* Roboto-Light.ttf */ = {isa = PBXFileReference; explicitFileType = undefined; fileEncoding = 9; includeInIndex = 0; lastKnownFileType = unknown; name = "Roboto-Light.ttf"; path = "../src/assets/fonts/Roboto/Roboto-Light.ttf"; sourceTree = "<group>"; };
		DCA8D9BD36D34BF7BA9E0CDD /* Roboto-BlackItalic.ttf */ = {isa = PBXFileReference; explicitFileType = undefined; fileEncoding = 9; includeInIndex = 0; lastKnownFileType = unknown; name = "Roboto-BlackItalic.ttf"; path = "../assets/fonts/Roboto/Roboto-BlackItalic.ttf"; sourceTree = "<group>"; };
		E64C64C90CAE4F9594293FD9 /* Feather.ttf */ = {isa = PBXFileReference; explicitFileType = undefined; fileEncoding = 9; includeInIndex = 0; lastKnownFileType = unknown; name = Feather.ttf; path = "../node_modules/react-native-vector-icons/Fonts/Feather.ttf"; sourceTree = "<group>"; };
		E67EEFDA413B4CB3AC4AC58A /* AntDesign.ttf */ = {isa = PBXFileReference; explicitFileType = undefined; fileEncoding = 9; includeInIndex = 0; lastKnownFileType = unknown; name = AntDesign.ttf; path = "../node_modules/react-native-vector-icons/Fonts/AntDesign.ttf"; sourceTree = "<group>"; };
		E8172605F25945A6A4B6FEB1 /* PlayfairDisplay-Black.ttf */ = {isa = PBXFileReference; explicitFileType = undefined; fileEncoding = 9; includeInIndex = 0; lastKnownFileType = unknown; name = "PlayfairDisplay-Black.ttf"; path = "../assets/fonts/Playfair_Display/PlayfairDisplay-Black.ttf"; sourceTree = "<group>"; };
		E9F25BF869A24698B5D7FF5B /* Roboto-Regular.ttf */ = {isa = PBXFileReference; explicitFileType = undefined; fileEncoding = 9; includeInIndex = 0; lastKnownFileType = unknown; name = "Roboto-Regular.ttf"; path = "../src/assets/fonts/Roboto/Roboto-Regular.ttf"; sourceTree = "<group>"; };
		ED297162215061F000B7C4FE /* JavaScriptCore.framework */ = {isa = PBXFileReference; lastKnownFileType = wrapper.framework; name = JavaScriptCore.framework; path = System/Library/Frameworks/JavaScriptCore.framework; sourceTree = SDKROOT; };
		ED2971642150620600B7C4FE /* JavaScriptCore.framework */ = {isa = PBXFileReference; lastKnownFileType = wrapper.framework; name = JavaScriptCore.framework; path = Platforms/AppleTVOS.platform/Developer/SDKs/AppleTVOS12.0.sdk/System/Library/Frameworks/JavaScriptCore.framework; sourceTree = DEVELOPER_DIR; };
		EF1D81AE84A04D5790C263F8 /* Roboto-MediumItalic.ttf */ = {isa = PBXFileReference; explicitFileType = undefined; fileEncoding = 9; includeInIndex = 0; lastKnownFileType = unknown; name = "Roboto-MediumItalic.ttf"; path = "../assets/fonts/Roboto/Roboto-MediumItalic.ttf"; sourceTree = "<group>"; };
		EF35F0D6A5064A6FBDAD9C1A /* Roboto-RegularItalic.ttf */ = {isa = PBXFileReference; explicitFileType = undefined; fileEncoding = 9; includeInIndex = 0; lastKnownFileType = unknown; name = "Roboto-RegularItalic.ttf"; path = "../src/assets/fonts/Roboto/Roboto-RegularItalic.ttf"; sourceTree = "<group>"; };
		F59BD546E7394698862E6570 /* Roboto-Medium.ttf */ = {isa = PBXFileReference; explicitFileType = undefined; fileEncoding = 9; includeInIndex = 0; lastKnownFileType = unknown; name = "Roboto-Medium.ttf"; path = "../assets/fonts/Roboto/Roboto-Medium.ttf"; sourceTree = "<group>"; };
		F6BB626A512E4405AAA2312B /* Fontisto.ttf */ = {isa = PBXFileReference; explicitFileType = undefined; fileEncoding = 9; includeInIndex = 0; lastKnownFileType = unknown; name = Fontisto.ttf; path = "../node_modules/react-native-vector-icons/Fonts/Fontisto.ttf"; sourceTree = "<group>"; };
		F752778BA2B14D36815CC1D0 /* MaterialIcons.ttf */ = {isa = PBXFileReference; explicitFileType = undefined; fileEncoding = 9; includeInIndex = 0; lastKnownFileType = unknown; name = MaterialIcons.ttf; path = "../node_modules/react-native-vector-icons/Fonts/MaterialIcons.ttf"; sourceTree = "<group>"; };
/* End PBXFileReference section */

/* Begin PBXFrameworksBuildPhase section */
		13B07F8C1A680F5B00A75B9A /* Frameworks */ = {
			isa = PBXFrameworksBuildPhase;
			buildActionMask = 2147483647;
			files = (
				DD4394AE6F6517DF82221B54 /* libPods-SlotKing.a in Frameworks */,
			);
			runOnlyForDeploymentPostprocessing = 0;
		};
/* End PBXFrameworksBuildPhase section */

/* Begin PBXGroup section */
		141BA80D256ADBE6003E7C6C /* Playfair_Display */ = {
			isa = PBXGroup;
			children = (
				141BA80E256ADBE6003E7C6C /* PlayfairDisplay-Bold.ttf */,
				141BA80F256ADBE6003E7C6C /* PlayfairDisplay-BoldItalic.ttf */,
				141BA810256ADBE6003E7C6C /* PlayfairDisplay-RegularItalic.ttf */,
				141BA811256ADBE6003E7C6C /* PlayfairDisplay-Regular.ttf */,
				141BA812256ADBE6003E7C6C /* OFL.txt */,
				141BA813256ADBE6003E7C6C /* PlayfairDisplay-Black.ttf */,
				141BA814256ADBE6003E7C6C /* PlayfairDisplay-BlackItalic.ttf */,
			);
			name = Playfair_Display;
			path = ../../src/assets/fonts/Playfair_Display;
			sourceTree = "<group>";
		};
		141BA81E256ADC2E003E7C6C /* Roboto */ = {
			isa = PBXGroup;
			children = (
				141BA81F256ADC2E003E7C6C /* Roboto-Medium.ttf */,
				141BA820256ADC2E003E7C6C /* Roboto-Light.ttf */,
				141BA821256ADC2E003E7C6C /* Roboto-Regular.ttf */,
				141BA822256ADC2E003E7C6C /* Roboto-MediumItalic.ttf */,
				141BA823256ADC2E003E7C6C /* Roboto-ThinItalic.ttf */,
				141BA824256ADC2E003E7C6C /* Roboto-BoldItalic.ttf */,
				141BA825256ADC2E003E7C6C /* Roboto-LightItalic.ttf */,
				141BA826256ADC2E003E7C6C /* LICENSE.txt */,
				141BA827256ADC2E003E7C6C /* Roboto-BlackItalic.ttf */,
				141BA828256ADC2E003E7C6C /* Roboto-Bold.ttf */,
				141BA829256ADC2E003E7C6C /* Roboto-Thin.ttf */,
				141BA82A256ADC2E003E7C6C /* Roboto-Black.ttf */,
				141BA82B256ADC2E003E7C6C /* Roboto-RegularItalic.ttf */,
			);
			name = Roboto;
			path = ../../src/assets/fonts/Roboto;
			sourceTree = "<group>";
		};
		1423A34C256AD54D00A38D47 /* SlotKing */ = {
			isa = PBXGroup;
			children = (
				148B4918259AB41A00F2D184 /* GoogleService-Info.plist */,
				148B4904259AB2CC00F2D184 /* raw */,
				141BA81E256ADC2E003E7C6C /* Roboto */,
				141BA80D256ADBE6003E7C6C /* Playfair_Display */,
				1423A34D256AD54D00A38D47 /* AppDelegate.h */,
				1423A351256AD54D00A38D47 /* main.m */,
				1423A352256AD54D00A38D47 /* Images.xcassets */,
				1423A353256AD54D00A38D47 /* AppDelegate.m */,
				1423A354256AD54D00A38D47 /* Info.plist */,
				1423A363256AD59700A38D47 /* Dummy.swift */,
				1423A362256AD59700A38D47 /* SlotKing-Bridging-Header.h */,
			);
			path = SlotKing;
			sourceTree = "<group>";
		};
		148B4904259AB2CC00F2D184 /* raw */ = {
			isa = PBXGroup;
			children = (
				148B4905259AB2CC00F2D184 /* low_credit.mp3 */,
				148B4906259AB2CC00F2D184 /* mouse_click.mp3 */,
				148B4907259AB2CC00F2D184 /* pen_on.mp3 */,
				148B4908259AB2CC00F2D184 /* button_click.mp3 */,
				148B4909259AB2CC00F2D184 /* pen_off.mp3 */,
				148B490A259AB2CC00F2D184 /* coins_thud.mp3 */,
				148B490B259AB2CC00F2D184 /* card_deal.mp3 */,
				148B490C259AB2CC00F2D184 /* coin_set.mp3 */,
				148B490D259AB2CC00F2D184 /* coins_thud2.mp3 */,
			);
			name = raw;
			path = ../../android/app/src/main/res/raw;
			sourceTree = "<group>";
		};
		2D16E6871FA4F8E400B85C8A /* Frameworks */ = {
			isa = PBXGroup;
			children = (
				ED297162215061F000B7C4FE /* JavaScriptCore.framework */,
				ED2971642150620600B7C4FE /* JavaScriptCore.framework */,
				37D76FFB8628C7229E92E393 /* libPods-SlotKing.a */,
			);
			name = Frameworks;
			sourceTree = "<group>";
		};
		832341AE1AAA6A7D00B99B32 /* Libraries */ = {
			isa = PBXGroup;
			children = (
			);
			name = Libraries;
			sourceTree = "<group>";
		};
		83CBB9F61A601CBA00E9B192 = {
			isa = PBXGroup;
			children = (
				1423A34C256AD54D00A38D47 /* SlotKing */,
				832341AE1AAA6A7D00B99B32 /* Libraries */,
				83CBBA001A601CBA00E9B192 /* Products */,
				2D16E6871FA4F8E400B85C8A /* Frameworks */,
				B61394B5E6EC4B67B2E09853 /* Resources */,
				AEF2AD66C53F176C461B4136 /* Pods */,
			);
			indentWidth = 2;
			sourceTree = "<group>";
			tabWidth = 2;
			usesTabs = 0;
		};
		83CBBA001A601CBA00E9B192 /* Products */ = {
			isa = PBXGroup;
			children = (
				13B07F961A680F5B00A75B9A /* SlotKing.app */,
			);
			name = Products;
			sourceTree = "<group>";
		};
		AEF2AD66C53F176C461B4136 /* Pods */ = {
			isa = PBXGroup;
			children = (
				03C149203F9C3C5E137B1481 /* Pods-SlotKing.debug.xcconfig */,
				4BAC3892B70E163BF21EE1BC /* Pods-SlotKing.release.xcconfig */,
			);
			path = Pods;
			sourceTree = "<group>";
		};
		B61394B5E6EC4B67B2E09853 /* Resources */ = {
			isa = PBXGroup;
			children = (
				E67EEFDA413B4CB3AC4AC58A /* AntDesign.ttf */,
				786F82AF47454C0A9B064411 /* Entypo.ttf */,
				06DE5871BA0A434A89F467DB /* EvilIcons.ttf */,
				E64C64C90CAE4F9594293FD9 /* Feather.ttf */,
				C9F01D1F485941E0A4D3D9B2 /* FontAwesome.ttf */,
				A65BA418A4DA4F89A0F6F1D5 /* FontAwesome5_Brands.ttf */,
				64DF70FB231B49DE849DD38E /* FontAwesome5_Regular.ttf */,
				B1F27954AA5646208A95F6B0 /* FontAwesome5_Solid.ttf */,
				F6BB626A512E4405AAA2312B /* Fontisto.ttf */,
				62860BF66EAD42AD83E8E28E /* Foundation.ttf */,
				7FBFCC9FB6FB49F59EEA8BA8 /* Ionicons.ttf */,
				6031491BF9B34363BB58EA76 /* MaterialCommunityIcons.ttf */,
				F752778BA2B14D36815CC1D0 /* MaterialIcons.ttf */,
				1BD5CD9A22BA4FFAAA1FF962 /* Octicons.ttf */,
				0D9E38CB135C40B4BB29422B /* SimpleLineIcons.ttf */,
				32B3A8AC99FC4255A6B54C84 /* Zocial.ttf */,
				E8172605F25945A6A4B6FEB1 /* PlayfairDisplay-Black.ttf */,
				3FF7F274F3F54D44B07F3305 /* PlayfairDisplay-BlackItalic.ttf */,
				3ABE03CADE454963B93904E0 /* PlayfairDisplay-Bold.ttf */,
				0514968EC5DA4A11AF728B6F /* PlayfairDisplay-BoldItalic.ttf */,
				15B1BB3D7F2242CFB5965398 /* PlayfairDisplay-Regular.ttf */,
				0621421477C841F791DF72A2 /* PlayfairDisplay-RegularItalic.ttf */,
				4BEF0374CD654E39AD5D506D /* Roboto-Black.ttf */,
				DCA8D9BD36D34BF7BA9E0CDD /* Roboto-BlackItalic.ttf */,
				A39AA3F5A3E24538B38C3C33 /* Roboto-Bold.ttf */,
				53BAF018BB1A4AF483F83AFA /* Roboto-BoldItalic.ttf */,
				9D0783BC4F5C434A8C0C8CF8 /* Roboto-Light.ttf */,
				CC338057E5E34D5B82E3BC8B /* Roboto-LightItalic.ttf */,
				F59BD546E7394698862E6570 /* Roboto-Medium.ttf */,
				EF1D81AE84A04D5790C263F8 /* Roboto-MediumItalic.ttf */,
				1A1BE3BF0AD448379DBCEDC2 /* Roboto-Regular.ttf */,
				5125C77F8DD54E5D9F69C456 /* Roboto-RegularItalic.ttf */,
				9140145B6EBF45CBA55C73C5 /* Roboto-Thin.ttf */,
				BDFAD8D6CB004A85B08C0FF8 /* Roboto-ThinItalic.ttf */,
				6D518B66D4D44303B9731230 /* PlayfairDisplay-Black.ttf */,
				63B1C99DBFC14A1EBDF5CB3F /* PlayfairDisplay-BlackItalic.ttf */,
				77B61DC218854F768A5EFF89 /* PlayfairDisplay-Bold.ttf */,
				00058CBA8D4748C0AB3E84AA /* PlayfairDisplay-BoldItalic.ttf */,
				7D4F351CBF844B8187170577 /* PlayfairDisplay-Regular.ttf */,
				4399C81FACB248BF9A8DC7E0 /* PlayfairDisplay-RegularItalic.ttf */,
				1AF5A764BB5E429EABDE7639 /* Roboto-Black.ttf */,
				643E434B48764F3AB2BBD038 /* Roboto-BlackItalic.ttf */,
				AF72F31A92CA49A084D7BF5E /* Roboto-Bold.ttf */,
				9D319DDF09F747C2BFA725AD /* Roboto-BoldItalic.ttf */,
				D3E6FDF73B174C80A635555B /* Roboto-Light.ttf */,
				0A1CAACB516F447FBC163A8A /* Roboto-LightItalic.ttf */,
				482017962913477487CE66F5 /* Roboto-Medium.ttf */,
				BCB9B459E7DA4107837F6FAE /* Roboto-MediumItalic.ttf */,
				E9F25BF869A24698B5D7FF5B /* Roboto-Regular.ttf */,
				EF35F0D6A5064A6FBDAD9C1A /* Roboto-RegularItalic.ttf */,
				9D7558362AA9464F905B7E9E /* Roboto-Thin.ttf */,
				383F44B3267E40578BF93C61 /* Roboto-ThinItalic.ttf */,
			);
			name = Resources;
			sourceTree = "<group>";
		};
/* End PBXGroup section */

/* Begin PBXNativeTarget section */
		13B07F861A680F5B00A75B9A /* SlotKing */ = {
			isa = PBXNativeTarget;
			buildConfigurationList = 13B07F931A680F5B00A75B9A /* Build configuration list for PBXNativeTarget "SlotKing" */;
			buildPhases = (
				A85D02A5C1D470E0115328A1 /* [CP] Check Pods Manifest.lock */,
				FD10A7F022414F080027D42C /* Start Packager */,
				13B07F871A680F5B00A75B9A /* Sources */,
				13B07F8C1A680F5B00A75B9A /* Frameworks */,
				13B07F8E1A680F5B00A75B9A /* Resources */,
				00DD1BFF1BD5951E006B06BC /* Bundle React Native code and images */,
				3FD9F741A854D4810EAEE0F5 /* [CP] Copy Pods Resources */,
				836B9843F14CE94C66A39D6A /* [CP-User] [RNFB] Core Configuration */,
			);
			buildRules = (
			);
			dependencies = (
			);
			name = SlotKing;
			productName = SlotKing2;
			productReference = 13B07F961A680F5B00A75B9A /* SlotKing.app */;
			productType = "com.apple.product-type.application";
		};
/* End PBXNativeTarget section */

/* Begin PBXProject section */
		83CBB9F71A601CBA00E9B192 /* Project object */ = {
			isa = PBXProject;
			attributes = {
				LastUpgradeCheck = 1210;
				ORGANIZATIONNAME = Facebook;
				TargetAttributes = {
					13B07F861A680F5B00A75B9A = {
						DevelopmentTeam = QB73WQJ5T4;
						LastSwiftMigration = 1220;
						ProvisioningStyle = Automatic;
					};
				};
			};
			buildConfigurationList = 83CBB9FA1A601CBA00E9B192 /* Build configuration list for PBXProject "SlotKing" */;
			compatibilityVersion = "Xcode 3.2";
			developmentRegion = English;
			hasScannedForEncodings = 0;
			knownRegions = (
				English,
				en,
				Base,
			);
			mainGroup = 83CBB9F61A601CBA00E9B192;
			productRefGroup = 83CBBA001A601CBA00E9B192 /* Products */;
			projectDirPath = "";
			projectRoot = "";
			targets = (
				13B07F861A680F5B00A75B9A /* SlotKing */,
			);
		};
/* End PBXProject section */

/* Begin PBXResourcesBuildPhase section */
		13B07F8E1A680F5B00A75B9A /* Resources */ = {
			isa = PBXResourcesBuildPhase;
			buildActionMask = 2147483647;
			files = (
				141BA830256ADC2E003E7C6C /* Roboto-ThinItalic.ttf in Resources */,
				141BA815256ADBE6003E7C6C /* PlayfairDisplay-Bold.ttf in Resources */,
				141BA835256ADC2E003E7C6C /* Roboto-Bold.ttf in Resources */,
				141BA81B256ADBE6003E7C6C /* PlayfairDisplay-BlackItalic.ttf in Resources */,
				141BA82D256ADC2E003E7C6C /* Roboto-Light.ttf in Resources */,
				141BA837256ADC2E003E7C6C /* Roboto-Black.ttf in Resources */,
				148B490E259AB2CC00F2D184 /* low_credit.mp3 in Resources */,
				148B4910259AB2CC00F2D184 /* pen_on.mp3 in Resources */,
				141BA81A256ADBE6003E7C6C /* PlayfairDisplay-Black.ttf in Resources */,
				141BA82F256ADC2E003E7C6C /* Roboto-MediumItalic.ttf in Resources */,
				148B4915259AB2CC00F2D184 /* coin_set.mp3 in Resources */,
				148B4914259AB2CC00F2D184 /* card_deal.mp3 in Resources */,
				141BA816256ADBE6003E7C6C /* PlayfairDisplay-BoldItalic.ttf in Resources */,
				141BA817256ADBE6003E7C6C /* PlayfairDisplay-RegularItalic.ttf in Resources */,
				141BA834256ADC2E003E7C6C /* Roboto-BlackItalic.ttf in Resources */,
				148B4919259AB41A00F2D184 /* GoogleService-Info.plist in Resources */,
				141BA819256ADBE6003E7C6C /* OFL.txt in Resources */,
				141BA818256ADBE6003E7C6C /* PlayfairDisplay-Regular.ttf in Resources */,
				148B4913259AB2CC00F2D184 /* coins_thud.mp3 in Resources */,
				141BA831256ADC2E003E7C6C /* Roboto-BoldItalic.ttf in Resources */,
				148B490F259AB2CC00F2D184 /* mouse_click.mp3 in Resources */,
				141BA832256ADC2E003E7C6C /* Roboto-LightItalic.ttf in Resources */,
				141BA836256ADC2E003E7C6C /* Roboto-Thin.ttf in Resources */,
				141BA833256ADC2E003E7C6C /* LICENSE.txt in Resources */,
				1423A358256AD54D00A38D47 /* Images.xcassets in Resources */,
				148B4911259AB2CC00F2D184 /* button_click.mp3 in Resources */,
				148B4912259AB2CC00F2D184 /* pen_off.mp3 in Resources */,
				141BA838256ADC2E003E7C6C /* Roboto-RegularItalic.ttf in Resources */,
				148B4916259AB2CC00F2D184 /* coins_thud2.mp3 in Resources */,
				141BA82C256ADC2E003E7C6C /* Roboto-Medium.ttf in Resources */,
				141BA82E256ADC2E003E7C6C /* Roboto-Regular.ttf in Resources */,
			);
			runOnlyForDeploymentPostprocessing = 0;
		};
/* End PBXResourcesBuildPhase section */

/* Begin PBXShellScriptBuildPhase section */
		00DD1BFF1BD5951E006B06BC /* Bundle React Native code and images */ = {
			isa = PBXShellScriptBuildPhase;
			buildActionMask = 2147483647;
			files = (
			);
			inputPaths = (
			);
			name = "Bundle React Native code and images";
			outputPaths = (
			);
			runOnlyForDeploymentPostprocessing = 0;
			shellPath = /bin/sh;
			shellScript = "export NODE_BINARY=node\n../node_modules/react-native/scripts/react-native-xcode.sh";
		};
		3FD9F741A854D4810EAEE0F5 /* [CP] Copy Pods Resources */ = {
			isa = PBXShellScriptBuildPhase;
			buildActionMask = 2147483647;
			files = (
			);
			inputPaths = (
				"${PODS_ROOT}/Target Support Files/Pods-SlotKing/Pods-SlotKing-resources.sh",
				"${PODS_CONFIGURATION_BUILD_DIR}/PersonalizedAdConsent/PersonalizedAdConsent.bundle",
				"${PODS_ROOT}/../../node_modules/react-native-vector-icons/Fonts/AntDesign.ttf",
				"${PODS_ROOT}/../../node_modules/react-native-vector-icons/Fonts/Entypo.ttf",
				"${PODS_ROOT}/../../node_modules/react-native-vector-icons/Fonts/EvilIcons.ttf",
				"${PODS_ROOT}/../../node_modules/react-native-vector-icons/Fonts/Feather.ttf",
				"${PODS_ROOT}/../../node_modules/react-native-vector-icons/Fonts/FontAwesome.ttf",
				"${PODS_ROOT}/../../node_modules/react-native-vector-icons/Fonts/FontAwesome5_Brands.ttf",
				"${PODS_ROOT}/../../node_modules/react-native-vector-icons/Fonts/FontAwesome5_Regular.ttf",
				"${PODS_ROOT}/../../node_modules/react-native-vector-icons/Fonts/FontAwesome5_Solid.ttf",
				"${PODS_ROOT}/../../node_modules/react-native-vector-icons/Fonts/Fontisto.ttf",
				"${PODS_ROOT}/../../node_modules/react-native-vector-icons/Fonts/Foundation.ttf",
				"${PODS_ROOT}/../../node_modules/react-native-vector-icons/Fonts/Ionicons.ttf",
				"${PODS_ROOT}/../../node_modules/react-native-vector-icons/Fonts/MaterialCommunityIcons.ttf",
				"${PODS_ROOT}/../../node_modules/react-native-vector-icons/Fonts/MaterialIcons.ttf",
				"${PODS_ROOT}/../../node_modules/react-native-vector-icons/Fonts/Octicons.ttf",
				"${PODS_ROOT}/../../node_modules/react-native-vector-icons/Fonts/SimpleLineIcons.ttf",
				"${PODS_ROOT}/../../node_modules/react-native-vector-icons/Fonts/Zocial.ttf",
				"${PODS_CONFIGURATION_BUILD_DIR}/React-Core/AccessibilityResources.bundle",
			);
			name = "[CP] Copy Pods Resources";
			outputPaths = (
				"${TARGET_BUILD_DIR}/${UNLOCALIZED_RESOURCES_FOLDER_PATH}/PersonalizedAdConsent.bundle",
				"${TARGET_BUILD_DIR}/${UNLOCALIZED_RESOURCES_FOLDER_PATH}/AntDesign.ttf",
				"${TARGET_BUILD_DIR}/${UNLOCALIZED_RESOURCES_FOLDER_PATH}/Entypo.ttf",
				"${TARGET_BUILD_DIR}/${UNLOCALIZED_RESOURCES_FOLDER_PATH}/EvilIcons.ttf",
				"${TARGET_BUILD_DIR}/${UNLOCALIZED_RESOURCES_FOLDER_PATH}/Feather.ttf",
				"${TARGET_BUILD_DIR}/${UNLOCALIZED_RESOURCES_FOLDER_PATH}/FontAwesome.ttf",
				"${TARGET_BUILD_DIR}/${UNLOCALIZED_RESOURCES_FOLDER_PATH}/FontAwesome5_Brands.ttf",
				"${TARGET_BUILD_DIR}/${UNLOCALIZED_RESOURCES_FOLDER_PATH}/FontAwesome5_Regular.ttf",
				"${TARGET_BUILD_DIR}/${UNLOCALIZED_RESOURCES_FOLDER_PATH}/FontAwesome5_Solid.ttf",
				"${TARGET_BUILD_DIR}/${UNLOCALIZED_RESOURCES_FOLDER_PATH}/Fontisto.ttf",
				"${TARGET_BUILD_DIR}/${UNLOCALIZED_RESOURCES_FOLDER_PATH}/Foundation.ttf",
				"${TARGET_BUILD_DIR}/${UNLOCALIZED_RESOURCES_FOLDER_PATH}/Ionicons.ttf",
				"${TARGET_BUILD_DIR}/${UNLOCALIZED_RESOURCES_FOLDER_PATH}/MaterialCommunityIcons.ttf",
				"${TARGET_BUILD_DIR}/${UNLOCALIZED_RESOURCES_FOLDER_PATH}/MaterialIcons.ttf",
				"${TARGET_BUILD_DIR}/${UNLOCALIZED_RESOURCES_FOLDER_PATH}/Octicons.ttf",
				"${TARGET_BUILD_DIR}/${UNLOCALIZED_RESOURCES_FOLDER_PATH}/SimpleLineIcons.ttf",
				"${TARGET_BUILD_DIR}/${UNLOCALIZED_RESOURCES_FOLDER_PATH}/Zocial.ttf",
				"${TARGET_BUILD_DIR}/${UNLOCALIZED_RESOURCES_FOLDER_PATH}/AccessibilityResources.bundle",
			);
			runOnlyForDeploymentPostprocessing = 0;
			shellPath = /bin/sh;
			shellScript = "\"${PODS_ROOT}/Target Support Files/Pods-SlotKing/Pods-SlotKing-resources.sh\"\n";
			showEnvVarsInLog = 0;
		};
		836B9843F14CE94C66A39D6A /* [CP-User] [RNFB] Core Configuration */ = {
			isa = PBXShellScriptBuildPhase;
			buildActionMask = 2147483647;
			files = (
			);
			name = "[CP-User] [RNFB] Core Configuration";
			runOnlyForDeploymentPostprocessing = 0;
			shellPath = /bin/sh;
			shellScript = "#!/usr/bin/env bash\n#\n# Copyright (c) 2016-present Invertase Limited & Contributors\n#\n# Licensed under the Apache License, Version 2.0 (the \"License\");\n# you may not use this library except in compliance with the License.\n# You may obtain a copy of the License at\n#\n#   http://www.apache.org/licenses/LICENSE-2.0\n#\n# Unless required by applicable law or agreed to in writing, software\n# distributed under the License is distributed on an \"AS IS\" BASIS,\n# WITHOUT WARRANTIES OR CONDITIONS OF ANY KIND, either express or implied.\n# See the License for the specific language governing permissions and\n# limitations under the License.\n#\nset -e\n\n_MAX_LOOKUPS=2;\n_SEARCH_RESULT=''\n_RN_ROOT_EXISTS=''\n_CURRENT_LOOKUPS=1\n_JSON_ROOT=\"'react-native'\"\n_JSON_FILE_NAME='firebase.json'\n_JSON_OUTPUT_BASE64='e30=' # { }\n_CURRENT_SEARCH_DIR=${PROJECT_DIR}\n_PLIST_BUDDY=/usr/libexec/PlistBuddy\n_TARGET_PLIST=\"${BUILT_PRODUCTS_DIR}/${INFOPLIST_PATH}\"\n_DSYM_PLIST=\"${DWARF_DSYM_FOLDER_PATH}/${DWARF_DSYM_FILE_NAME}/Contents/Info.plist\"\n\n# plist arrays\n_PLIST_ENTRY_KEYS=()\n_PLIST_ENTRY_TYPES=()\n_PLIST_ENTRY_VALUES=()\n\nfunction setPlistValue {\n  echo \"info:      setting plist entry '$1' of type '$2' in file '$4'\"\n  ${_PLIST_BUDDY} -c \"Add :$1 $2 '$3'\" $4 || echo \"info:      '$1' already exists\"\n}\n\nfunction getFirebaseJsonKeyValue () {\n  if [[ ${_RN_ROOT_EXISTS} ]]; then\n    ruby -e \"require 'rubygems';require 'json'; output=JSON.parse('$1'); puts output[$_JSON_ROOT]['$2']\"\n  else\n    echo \"\"\n  fi;\n}\n\nfunction jsonBoolToYesNo () {\n  if [[ $1 == \"false\" ]]; then\n    echo \"NO\"\n  elif [[ $1 == \"true\" ]]; then\n    echo \"YES\"\n  else echo \"NO\"\n  fi\n}\n\necho \"info: -> RNFB build script started\"\necho \"info: 1) Locating ${_JSON_FILE_NAME} file:\"\n\nif [[ -z ${_CURRENT_SEARCH_DIR} ]]; then\n  _CURRENT_SEARCH_DIR=$(pwd)\nfi;\n\nwhile true; do\n  _CURRENT_SEARCH_DIR=$(dirname \"$_CURRENT_SEARCH_DIR\")\n  if [[ \"$_CURRENT_SEARCH_DIR\" == \"/\" ]] || [[ ${_CURRENT_LOOKUPS} -gt ${_MAX_LOOKUPS} ]]; then break; fi;\n  echo \"info:      ($_CURRENT_LOOKUPS of $_MAX_LOOKUPS) Searching in '$_CURRENT_SEARCH_DIR' for a ${_JSON_FILE_NAME} file.\"\n  _SEARCH_RESULT=$(find \"$_CURRENT_SEARCH_DIR\" -maxdepth 2 -name ${_JSON_FILE_NAME} -print | head -n 1)\n  if [[ ${_SEARCH_RESULT} ]]; then\n    echo \"info:      ${_JSON_FILE_NAME} found at $_SEARCH_RESULT\"\n    break;\n  fi;\n  _CURRENT_LOOKUPS=$((_CURRENT_LOOKUPS+1))\ndone\n\nif [[ ${_SEARCH_RESULT} ]]; then\n  _JSON_OUTPUT_RAW=$(cat \"${_SEARCH_RESULT}\")\n  _RN_ROOT_EXISTS=$(ruby -e \"require 'rubygems';require 'json'; output=JSON.parse('$_JSON_OUTPUT_RAW'); puts output[$_JSON_ROOT]\" || echo '')\n\n  if [[ ${_RN_ROOT_EXISTS} ]]; then\n    _JSON_OUTPUT_BASE64=$(python -c 'import json,sys,base64;print(base64.b64encode(json.dumps(json.loads(open('\"'${_SEARCH_RESULT}'\"').read())['${_JSON_ROOT}'])))' || echo \"e30=\")\n  fi\n\n  _PLIST_ENTRY_KEYS+=(\"firebase_json_raw\")\n  _PLIST_ENTRY_TYPES+=(\"string\")\n  _PLIST_ENTRY_VALUES+=(\"$_JSON_OUTPUT_BASE64\")\n\n  # config.messaging_auto_init_enabled\n  _MESSAGING_AUTO_INIT=$(getFirebaseJsonKeyValue \"$_JSON_OUTPUT_RAW\" \"messaging_auto_init_enabled\")\n  if [[ $_MESSAGING_AUTO_INIT ]]; then\n    _PLIST_ENTRY_KEYS+=(\"FirebaseMessagingAutoInitEnabled\")\n    _PLIST_ENTRY_TYPES+=(\"bool\")\n    _PLIST_ENTRY_VALUES+=(\"$(jsonBoolToYesNo \"$_MESSAGING_AUTO_INIT\")\")\n  fi\n\n  # config.crashlytics_disable_auto_disabler - undocumented for now - mainly for debugging, document if becomes usful\n  _CRASHLYTICS_AUTO_DISABLE_ENABLED=$(getFirebaseJsonKeyValue \"$_JSON_OUTPUT_RAW\" \"crashlytics_disable_auto_disabler\")\n  if [[ $_CRASHLYTICS_AUTO_DISABLE_ENABLED == \"true\" ]]; then\n    echo \"Disabled Crashlytics auto disabler.\" # do nothing\n  else\n    _PLIST_ENTRY_KEYS+=(\"FirebaseCrashlyticsCollectionEnabled\")\n    _PLIST_ENTRY_TYPES+=(\"bool\")\n    _PLIST_ENTRY_VALUES+=(\"NO\")\n  fi\n\n  # config.admob_delay_app_measurement_init\n  _ADMOB_DELAY_APP_MEASUREMENT=$(getFirebaseJsonKeyValue \"$_JSON_OUTPUT_RAW\" \"admob_delay_app_measurement_init\")\n  if [[ $_ADMOB_DELAY_APP_MEASUREMENT == \"true\" ]]; then\n    _PLIST_ENTRY_KEYS+=(\"GADDelayAppMeasurementInit\")\n    _PLIST_ENTRY_TYPES+=(\"bool\")\n    _PLIST_ENTRY_VALUES+=(\"YES\")\n  fi\n\n  # config.admob_ios_app_id\n  _ADMOB_IOS_APP_ID=$(getFirebaseJsonKeyValue \"$_JSON_OUTPUT_RAW\" \"admob_ios_app_id\")\n  if [[ $_ADMOB_IOS_APP_ID ]]; then\n    _PLIST_ENTRY_KEYS+=(\"GADApplicationIdentifier\")\n    _PLIST_ENTRY_TYPES+=(\"string\")\n    _PLIST_ENTRY_VALUES+=(\"$_ADMOB_IOS_APP_ID\")\n  fi\nelse\n  _PLIST_ENTRY_KEYS+=(\"firebase_json_raw\")\n  _PLIST_ENTRY_TYPES+=(\"string\")\n  _PLIST_ENTRY_VALUES+=(\"$_JSON_OUTPUT_BASE64\")\n  echo \"warning:   A firebase.json file was not found, whilst this file is optional it is recommended to include it to configure firebase services in React Native Firebase.\"\nfi;\n\necho \"info: 2) Injecting Info.plist entries: \"\n\n# Log out the keys we're adding\nfor i in \"${!_PLIST_ENTRY_KEYS[@]}\"; do\n  echo \"    ->  $i) ${_PLIST_ENTRY_KEYS[$i]}\" \"${_PLIST_ENTRY_TYPES[$i]}\" \"${_PLIST_ENTRY_VALUES[$i]}\"\ndone\n\nfor plist in \"${_TARGET_PLIST}\" \"${_DSYM_PLIST}\" ; do\n  if [[ -f \"${plist}\" ]]; then\n\n    # paths with spaces break the call to setPlistValue. temporarily modify\n    # the shell internal field separator variable (IFS), which normally \n    # includes spaces, to consist only of line breaks\n    oldifs=$IFS\n    IFS=\"\n\"\n\n    for i in \"${!_PLIST_ENTRY_KEYS[@]}\"; do\n      setPlistValue \"${_PLIST_ENTRY_KEYS[$i]}\" \"${_PLIST_ENTRY_TYPES[$i]}\" \"${_PLIST_ENTRY_VALUES[$i]}\" \"${plist}\"\n    done\n\n    # restore the original internal field separator value\n    IFS=$oldifs\n  else\n    echo \"warning:   A Info.plist build output file was not found (${plist})\"\n  fi\ndone\n\necho \"info: <- RNFB build script finished\"\n\n";
		};
		A85D02A5C1D470E0115328A1 /* [CP] Check Pods Manifest.lock */ = {
			isa = PBXShellScriptBuildPhase;
			buildActionMask = 2147483647;
			files = (
			);
			inputFileListPaths = (
			);
			inputPaths = (
				"${PODS_PODFILE_DIR_PATH}/Podfile.lock",
				"${PODS_ROOT}/Manifest.lock",
			);
			name = "[CP] Check Pods Manifest.lock";
			outputFileListPaths = (
			);
			outputPaths = (
				"$(DERIVED_FILE_DIR)/Pods-SlotKing-checkManifestLockResult.txt",
			);
			runOnlyForDeploymentPostprocessing = 0;
			shellPath = /bin/sh;
			shellScript = "diff \"${PODS_PODFILE_DIR_PATH}/Podfile.lock\" \"${PODS_ROOT}/Manifest.lock\" > /dev/null\nif [ $? != 0 ] ; then\n    # print error to STDERR\n    echo \"error: The sandbox is not in sync with the Podfile.lock. Run 'pod install' or update your CocoaPods installation.\" >&2\n    exit 1\nfi\n# This output is used by Xcode 'outputs' to avoid re-running this script phase.\necho \"SUCCESS\" > \"${SCRIPT_OUTPUT_FILE_0}\"\n";
			showEnvVarsInLog = 0;
		};
		FD10A7F022414F080027D42C /* Start Packager */ = {
			isa = PBXShellScriptBuildPhase;
			buildActionMask = 2147483647;
			files = (
			);
			inputFileListPaths = (
			);
			inputPaths = (
			);
			name = "Start Packager";
			outputFileListPaths = (
			);
			outputPaths = (
			);
			runOnlyForDeploymentPostprocessing = 0;
			shellPath = /bin/sh;
			shellScript = "export RCT_METRO_PORT=\"${RCT_METRO_PORT:=8081}\"\necho \"export RCT_METRO_PORT=${RCT_METRO_PORT}\" > \"${SRCROOT}/../node_modules/react-native/scripts/.packager.env\"\nif [ -z \"${RCT_NO_LAUNCH_PACKAGER+xxx}\" ] ; then\n  if nc -w 5 -z localhost ${RCT_METRO_PORT} ; then\n    if ! curl -s \"http://localhost:${RCT_METRO_PORT}/status\" | grep -q \"packager-status:running\" ; then\n      echo \"Port ${RCT_METRO_PORT} already in use, packager is either not running or not running correctly\"\n      exit 2\n    fi\n  else\n    open \"$SRCROOT/../node_modules/react-native/scripts/launchPackager.command\" || echo \"Can't start packager automatically\"\n  fi\nfi\n";
			showEnvVarsInLog = 0;
		};
/* End PBXShellScriptBuildPhase section */

/* Begin PBXSourcesBuildPhase section */
		13B07F871A680F5B00A75B9A /* Sources */ = {
			isa = PBXSourcesBuildPhase;
			buildActionMask = 2147483647;
			files = (
				1423A359256AD54D00A38D47 /* AppDelegate.m in Sources */,
				1423A364256AD59700A38D47 /* Dummy.swift in Sources */,
				1423A357256AD54D00A38D47 /* main.m in Sources */,
			);
			runOnlyForDeploymentPostprocessing = 0;
		};
/* End PBXSourcesBuildPhase section */

/* Begin XCBuildConfiguration section */
		13B07F941A680F5B00A75B9A /* Debug */ = {
			isa = XCBuildConfiguration;
			baseConfigurationReference = 03C149203F9C3C5E137B1481 /* Pods-SlotKing.debug.xcconfig */;
			buildSettings = {
				ALWAYS_EMBED_SWIFT_STANDARD_LIBRARIES = YES;
				ASSETCATALOG_COMPILER_APPICON_NAME = AppIcon;
				CLANG_ENABLE_MODULES = YES;
				CODE_SIGN_IDENTITY = "Apple Development";
				CODE_SIGN_STYLE = Automatic;
				CURRENT_PROJECT_VERSION = 6;
				DEAD_CODE_STRIPPING = NO;
				DEVELOPMENT_TEAM = QB73WQJ5T4;
				INFOPLIST_FILE = SlotKing/Info.plist;
				LD_RUNPATH_SEARCH_PATHS = "$(inherited) @executable_path/Frameworks";
				MARKETING_VERSION = 1.2;
				OTHER_LDFLAGS = (
					"$(inherited)",
					"-ObjC",
					"-lc++",
				);
				PRODUCT_BUNDLE_IDENTIFIER = com.flyindream.slotking;
				PRODUCT_NAME = SlotKing;
				PROVISIONING_PROFILE_SPECIFIER = "";
				SWIFT_OBJC_BRIDGING_HEADER = "SlotKing/SlotKing-Bridging-Header.h";
				SWIFT_OPTIMIZATION_LEVEL = "-Onone";
				SWIFT_VERSION = 5.0;
				TARGETED_DEVICE_FAMILY = "1,2";
				VERSIONING_SYSTEM = "apple-generic";
			};
			name = Debug;
		};
		13B07F951A680F5B00A75B9A /* Release */ = {
			isa = XCBuildConfiguration;
			baseConfigurationReference = 4BAC3892B70E163BF21EE1BC /* Pods-SlotKing.release.xcconfig */;
			buildSettings = {
				ALWAYS_EMBED_SWIFT_STANDARD_LIBRARIES = YES;
				ASSETCATALOG_COMPILER_APPICON_NAME = AppIcon;
				CLANG_ENABLE_MODULES = YES;
				CURRENT_PROJECT_VERSION = 6;
				DEVELOPMENT_TEAM = QB73WQJ5T4;
				INFOPLIST_FILE = SlotKing/Info.plist;
				LD_RUNPATH_SEARCH_PATHS = "$(inherited) @executable_path/Frameworks";
				MARKETING_VERSION = 1.2;
				OTHER_LDFLAGS = (
					"$(inherited)",
					"-ObjC",
					"-lc++",
				);
				PRODUCT_BUNDLE_IDENTIFIER = com.flyindream.slotking;
				PRODUCT_NAME = SlotKing;
				SWIFT_OBJC_BRIDGING_HEADER = "SlotKing/SlotKing-Bridging-Header.h";
				SWIFT_VERSION = 5.0;
				TARGETED_DEVICE_FAMILY = "1,2";
				VERSIONING_SYSTEM = "apple-generic";
			};
			name = Release;
		};
		83CBBA201A601CBA00E9B192 /* Debug */ = {
			isa = XCBuildConfiguration;
			buildSettings = {
				ALWAYS_SEARCH_USER_PATHS = NO;
				CLANG_ANALYZER_LOCALIZABILITY_NONLOCALIZED = YES;
				CLANG_CXX_LANGUAGE_STANDARD = "gnu++0x";
				CLANG_CXX_LIBRARY = "libc++";
				CLANG_ENABLE_MODULES = YES;
				CLANG_ENABLE_OBJC_ARC = YES;
				CLANG_WARN_BLOCK_CAPTURE_AUTORELEASING = YES;
				CLANG_WARN_BOOL_CONVERSION = YES;
				CLANG_WARN_COMMA = YES;
				CLANG_WARN_CONSTANT_CONVERSION = YES;
				CLANG_WARN_DEPRECATED_OBJC_IMPLEMENTATIONS = YES;
				CLANG_WARN_DIRECT_OBJC_ISA_USAGE = YES_ERROR;
				CLANG_WARN_EMPTY_BODY = YES;
				CLANG_WARN_ENUM_CONVERSION = YES;
				CLANG_WARN_INFINITE_RECURSION = YES;
				CLANG_WARN_INT_CONVERSION = YES;
				CLANG_WARN_NON_LITERAL_NULL_CONVERSION = YES;
				CLANG_WARN_OBJC_IMPLICIT_RETAIN_SELF = YES;
				CLANG_WARN_OBJC_LITERAL_CONVERSION = YES;
				CLANG_WARN_OBJC_ROOT_CLASS = YES_ERROR;
				CLANG_WARN_QUOTED_INCLUDE_IN_FRAMEWORK_HEADER = YES;
				CLANG_WARN_RANGE_LOOP_ANALYSIS = YES;
				CLANG_WARN_STRICT_PROTOTYPES = YES;
				CLANG_WARN_SUSPICIOUS_MOVE = YES;
				CLANG_WARN_UNREACHABLE_CODE = YES;
				CLANG_WARN__DUPLICATE_METHOD_MATCH = YES;
				"CODE_SIGN_IDENTITY[sdk=iphoneos*]" = "iPhone Developer";
				COPY_PHASE_STRIP = NO;
				ENABLE_STRICT_OBJC_MSGSEND = YES;
				ENABLE_TESTABILITY = YES;
				GCC_C_LANGUAGE_STANDARD = gnu99;
				GCC_DYNAMIC_NO_PIC = NO;
				GCC_NO_COMMON_BLOCKS = YES;
				GCC_OPTIMIZATION_LEVEL = 0;
				GCC_PREPROCESSOR_DEFINITIONS = (
					"DEBUG=1",
					"$(inherited)",
				);
				GCC_SYMBOLS_PRIVATE_EXTERN = NO;
				GCC_WARN_64_TO_32_BIT_CONVERSION = YES;
				GCC_WARN_ABOUT_RETURN_TYPE = YES_ERROR;
				GCC_WARN_UNDECLARED_SELECTOR = YES;
				GCC_WARN_UNINITIALIZED_AUTOS = YES_AGGRESSIVE;
				GCC_WARN_UNUSED_FUNCTION = YES;
				GCC_WARN_UNUSED_VARIABLE = YES;
				IPHONEOS_DEPLOYMENT_TARGET = 12.0;
				MTL_ENABLE_DEBUG_INFO = YES;
				ONLY_ACTIVE_ARCH = YES;
				SDKROOT = iphoneos;
			};
			name = Debug;
		};
		83CBBA211A601CBA00E9B192 /* Release */ = {
			isa = XCBuildConfiguration;
			buildSettings = {
				ALWAYS_SEARCH_USER_PATHS = NO;
				CLANG_ANALYZER_LOCALIZABILITY_NONLOCALIZED = YES;
				CLANG_CXX_LANGUAGE_STANDARD = "gnu++0x";
				CLANG_CXX_LIBRARY = "libc++";
				CLANG_ENABLE_MODULES = YES;
				CLANG_ENABLE_OBJC_ARC = YES;
				CLANG_WARN_BLOCK_CAPTURE_AUTORELEASING = YES;
				CLANG_WARN_BOOL_CONVERSION = YES;
				CLANG_WARN_COMMA = YES;
				CLANG_WARN_CONSTANT_CONVERSION = YES;
				CLANG_WARN_DEPRECATED_OBJC_IMPLEMENTATIONS = YES;
				CLANG_WARN_DIRECT_OBJC_ISA_USAGE = YES_ERROR;
				CLANG_WARN_EMPTY_BODY = YES;
				CLANG_WARN_ENUM_CONVERSION = YES;
				CLANG_WARN_INFINITE_RECURSION = YES;
				CLANG_WARN_INT_CONVERSION = YES;
				CLANG_WARN_NON_LITERAL_NULL_CONVERSION = YES;
				CLANG_WARN_OBJC_IMPLICIT_RETAIN_SELF = YES;
				CLANG_WARN_OBJC_LITERAL_CONVERSION = YES;
				CLANG_WARN_OBJC_ROOT_CLASS = YES_ERROR;
				CLANG_WARN_QUOTED_INCLUDE_IN_FRAMEWORK_HEADER = YES;
				CLANG_WARN_RANGE_LOOP_ANALYSIS = YES;
				CLANG_WARN_STRICT_PROTOTYPES = YES;
				CLANG_WARN_SUSPICIOUS_MOVE = YES;
				CLANG_WARN_UNREACHABLE_CODE = YES;
				CLANG_WARN__DUPLICATE_METHOD_MATCH = YES;
				"CODE_SIGN_IDENTITY[sdk=iphoneos*]" = "iPhone Developer";
				COPY_PHASE_STRIP = YES;
				ENABLE_NS_ASSERTIONS = NO;
				ENABLE_STRICT_OBJC_MSGSEND = YES;
				GCC_C_LANGUAGE_STANDARD = gnu99;
				GCC_NO_COMMON_BLOCKS = YES;
				GCC_WARN_64_TO_32_BIT_CONVERSION = YES;
				GCC_WARN_ABOUT_RETURN_TYPE = YES_ERROR;
				GCC_WARN_UNDECLARED_SELECTOR = YES;
				GCC_WARN_UNINITIALIZED_AUTOS = YES_AGGRESSIVE;
				GCC_WARN_UNUSED_FUNCTION = YES;
				GCC_WARN_UNUSED_VARIABLE = YES;
				IPHONEOS_DEPLOYMENT_TARGET = 12.0;
				MTL_ENABLE_DEBUG_INFO = NO;
				SDKROOT = iphoneos;
				VALIDATE_PRODUCT = YES;
			};
			name = Release;
		};
/* End XCBuildConfiguration section */

/* Begin XCConfigurationList section */
		13B07F931A680F5B00A75B9A /* Build configuration list for PBXNativeTarget "SlotKing" */ = {
			isa = XCConfigurationList;
			buildConfigurations = (
				13B07F941A680F5B00A75B9A /* Debug */,
				13B07F951A680F5B00A75B9A /* Release */,
			);
			defaultConfigurationIsVisible = 0;
			defaultConfigurationName = Release;
		};
		83CBB9FA1A601CBA00E9B192 /* Build configuration list for PBXProject "SlotKing" */ = {
			isa = XCConfigurationList;
			buildConfigurations = (
				83CBBA201A601CBA00E9B192 /* Debug */,
				83CBBA211A601CBA00E9B192 /* Release */,
			);
			defaultConfigurationIsVisible = 0;
			defaultConfigurationName = Release;
		};
/* End XCConfigurationList section */
	};
	rootObject = 83CBB9F71A601CBA00E9B192 /* Project object */;
}
